
Microsoft Visual Studio Solution File, Format Version 12.00
# Visual Studio 15
VisualStudioVersion = 15.0.26124.0
MinimumVisualStudioVersion = 15.0.26124.0
Project("{2150E333-8FDC-42A3-9474-1A3956D46DE8}") = "src", "src", "{4F77A5C5-F3AA-40A0-910F-785C520FEF8E}"
EndProject
Project("{F2A71F9B-5D33-465A-A702-920D77279786}") = "PixiBasic", "src\basic\PixiBasic.fsproj", "{5605FDCE-E299-411A-9DFD-5F8E9074401A}"
EndProject
Project("{F2A71F9B-5D33-465A-A702-920D77279786}") = "PixiContainer", "src\container\PixiContainer.fsproj", "{1ED0FED8-1AFD-4AA7-94BC-83E4D22EDDD2}"
EndProject
Project("{F2A71F9B-5D33-465A-A702-920D77279786}") = "PixiContainerPivot", "src\containerPivot\PixiContainerPivot.fsproj", "{01B26EF4-B857-480A-8A7C-03C942A26EAE}"
EndProject
Project("{F2A71F9B-5D33-465A-A702-920D77279786}") = "PixiSpriteSheetAnimation", "src\spriteSheetAnimation\PixiSpriteSheetAnimation.fsproj", "{5D2A496E-C0B1-487F-B7E3-7C0098C9ED5B}"
EndProject
Project("{F2A71F9B-5D33-465A-A702-920D77279786}") = "PixiClick", "src\click\PixiClick.fsproj", "{2E04CBFC-6EC9-485C-AD7E-9D5F038CB2A9}"
EndProject
Global
	GlobalSection(SolutionConfigurationPlatforms) = preSolution
		Debug|Any CPU = Debug|Any CPU
		Debug|x64 = Debug|x64
		Debug|x86 = Debug|x86
		Release|Any CPU = Release|Any CPU
		Release|x64 = Release|x64
		Release|x86 = Release|x86
	EndGlobalSection
	GlobalSection(SolutionProperties) = preSolution
		HideSolutionNode = FALSE
	EndGlobalSection
	GlobalSection(ProjectConfigurationPlatforms) = postSolution
		{A657D68F-2FF8-4D4E-94F4-03373E48D793}.Debug|Any CPU.ActiveCfg = Debug|Any CPU
		{A657D68F-2FF8-4D4E-94F4-03373E48D793}.Debug|Any CPU.Build.0 = Debug|Any CPU
		{A657D68F-2FF8-4D4E-94F4-03373E48D793}.Debug|x64.ActiveCfg = Debug|x64
		{A657D68F-2FF8-4D4E-94F4-03373E48D793}.Debug|x64.Build.0 = Debug|x64
		{A657D68F-2FF8-4D4E-94F4-03373E48D793}.Debug|x86.ActiveCfg = Debug|x86
		{A657D68F-2FF8-4D4E-94F4-03373E48D793}.Debug|x86.Build.0 = Debug|x86
		{A657D68F-2FF8-4D4E-94F4-03373E48D793}.Release|Any CPU.ActiveCfg = Release|Any CPU
		{A657D68F-2FF8-4D4E-94F4-03373E48D793}.Release|Any CPU.Build.0 = Release|Any CPU
		{A657D68F-2FF8-4D4E-94F4-03373E48D793}.Release|x64.ActiveCfg = Release|x64
		{A657D68F-2FF8-4D4E-94F4-03373E48D793}.Release|x64.Build.0 = Release|x64
		{A657D68F-2FF8-4D4E-94F4-03373E48D793}.Release|x86.ActiveCfg = Release|x86
		{A657D68F-2FF8-4D4E-94F4-03373E48D793}.Release|x86.Build.0 = Release|x86
		{34E52684-F16A-4255-998B-15C50C559EE8}.Debug|Any CPU.ActiveCfg = Debug|Any CPU
		{34E52684-F16A-4255-998B-15C50C559EE8}.Debug|Any CPU.Build.0 = Debug|Any CPU
		{34E52684-F16A-4255-998B-15C50C559EE8}.Debug|x64.ActiveCfg = Debug|x64
		{34E52684-F16A-4255-998B-15C50C559EE8}.Debug|x64.Build.0 = Debug|x64
		{34E52684-F16A-4255-998B-15C50C559EE8}.Debug|x86.ActiveCfg = Debug|x86
		{34E52684-F16A-4255-998B-15C50C559EE8}.Debug|x86.Build.0 = Debug|x86
		{34E52684-F16A-4255-998B-15C50C559EE8}.Release|Any CPU.ActiveCfg = Release|Any CPU
		{34E52684-F16A-4255-998B-15C50C559EE8}.Release|Any CPU.Build.0 = Release|Any CPU
		{34E52684-F16A-4255-998B-15C50C559EE8}.Release|x64.ActiveCfg = Release|x64
		{34E52684-F16A-4255-998B-15C50C559EE8}.Release|x64.Build.0 = Release|x64
		{34E52684-F16A-4255-998B-15C50C559EE8}.Release|x86.ActiveCfg = Release|x86
		{34E52684-F16A-4255-998B-15C50C559EE8}.Release|x86.Build.0 = Release|x86
		{B3A83CC0-C80E-4BB0-965C-15369934137C}.Debug|Any CPU.ActiveCfg = Debug|Any CPU
		{B3A83CC0-C80E-4BB0-965C-15369934137C}.Debug|Any CPU.Build.0 = Debug|Any CPU
		{B3A83CC0-C80E-4BB0-965C-15369934137C}.Debug|x64.ActiveCfg = Debug|x64
		{B3A83CC0-C80E-4BB0-965C-15369934137C}.Debug|x64.Build.0 = Debug|x64
		{B3A83CC0-C80E-4BB0-965C-15369934137C}.Debug|x86.ActiveCfg = Debug|x86
		{B3A83CC0-C80E-4BB0-965C-15369934137C}.Debug|x86.Build.0 = Debug|x86
		{B3A83CC0-C80E-4BB0-965C-15369934137C}.Release|Any CPU.ActiveCfg = Release|Any CPU
		{B3A83CC0-C80E-4BB0-965C-15369934137C}.Release|Any CPU.Build.0 = Release|Any CPU
		{B3A83CC0-C80E-4BB0-965C-15369934137C}.Release|x64.ActiveCfg = Release|x64
		{B3A83CC0-C80E-4BB0-965C-15369934137C}.Release|x64.Build.0 = Release|x64
		{B3A83CC0-C80E-4BB0-965C-15369934137C}.Release|x86.ActiveCfg = Release|x86
		{B3A83CC0-C80E-4BB0-965C-15369934137C}.Release|x86.Build.0 = Release|x86
		{63F3424A-6DB7-4D61-8CE9-1E295CDC0CD3}.Debug|Any CPU.ActiveCfg = Debug|Any CPU
		{63F3424A-6DB7-4D61-8CE9-1E295CDC0CD3}.Debug|Any CPU.Build.0 = Debug|Any CPU
		{63F3424A-6DB7-4D61-8CE9-1E295CDC0CD3}.Debug|x64.ActiveCfg = Debug|x64
		{63F3424A-6DB7-4D61-8CE9-1E295CDC0CD3}.Debug|x64.Build.0 = Debug|x64
		{63F3424A-6DB7-4D61-8CE9-1E295CDC0CD3}.Debug|x86.ActiveCfg = Debug|x86
		{63F3424A-6DB7-4D61-8CE9-1E295CDC0CD3}.Debug|x86.Build.0 = Debug|x86
		{63F3424A-6DB7-4D61-8CE9-1E295CDC0CD3}.Release|Any CPU.ActiveCfg = Release|Any CPU
		{63F3424A-6DB7-4D61-8CE9-1E295CDC0CD3}.Release|Any CPU.Build.0 = Release|Any CPU
		{63F3424A-6DB7-4D61-8CE9-1E295CDC0CD3}.Release|x64.ActiveCfg = Release|x64
		{63F3424A-6DB7-4D61-8CE9-1E295CDC0CD3}.Release|x64.Build.0 = Release|x64
		{63F3424A-6DB7-4D61-8CE9-1E295CDC0CD3}.Release|x86.ActiveCfg = Release|x86
		{63F3424A-6DB7-4D61-8CE9-1E295CDC0CD3}.Release|x86.Build.0 = Release|x86
		{53B3DB05-6F25-4C7D-83C5-63DFC931425A}.Debug|Any CPU.ActiveCfg = Debug|Any CPU
		{53B3DB05-6F25-4C7D-83C5-63DFC931425A}.Debug|Any CPU.Build.0 = Debug|Any CPU
		{53B3DB05-6F25-4C7D-83C5-63DFC931425A}.Debug|x64.ActiveCfg = Debug|x64
		{53B3DB05-6F25-4C7D-83C5-63DFC931425A}.Debug|x64.Build.0 = Debug|x64
		{53B3DB05-6F25-4C7D-83C5-63DFC931425A}.Debug|x86.ActiveCfg = Debug|x86
		{53B3DB05-6F25-4C7D-83C5-63DFC931425A}.Debug|x86.Build.0 = Debug|x86
		{53B3DB05-6F25-4C7D-83C5-63DFC931425A}.Release|Any CPU.ActiveCfg = Release|Any CPU
		{53B3DB05-6F25-4C7D-83C5-63DFC931425A}.Release|Any CPU.Build.0 = Release|Any CPU
		{53B3DB05-6F25-4C7D-83C5-63DFC931425A}.Release|x64.ActiveCfg = Release|x64
		{53B3DB05-6F25-4C7D-83C5-63DFC931425A}.Release|x64.Build.0 = Release|x64
		{53B3DB05-6F25-4C7D-83C5-63DFC931425A}.Release|x86.ActiveCfg = Release|x86
		{53B3DB05-6F25-4C7D-83C5-63DFC931425A}.Release|x86.Build.0 = Release|x86
		{568BFE09-B390-443B-A2CF-B64EAA4EA379}.Debug|Any CPU.ActiveCfg = Debug|Any CPU
		{568BFE09-B390-443B-A2CF-B64EAA4EA379}.Debug|Any CPU.Build.0 = Debug|Any CPU
		{568BFE09-B390-443B-A2CF-B64EAA4EA379}.Debug|x64.ActiveCfg = Debug|x64
		{568BFE09-B390-443B-A2CF-B64EAA4EA379}.Debug|x64.Build.0 = Debug|x64
		{568BFE09-B390-443B-A2CF-B64EAA4EA379}.Debug|x86.ActiveCfg = Debug|x86
		{568BFE09-B390-443B-A2CF-B64EAA4EA379}.Debug|x86.Build.0 = Debug|x86
		{568BFE09-B390-443B-A2CF-B64EAA4EA379}.Release|Any CPU.ActiveCfg = Release|Any CPU
		{568BFE09-B390-443B-A2CF-B64EAA4EA379}.Release|Any CPU.Build.0 = Release|Any CPU
		{568BFE09-B390-443B-A2CF-B64EAA4EA379}.Release|x64.ActiveCfg = Release|x64
		{568BFE09-B390-443B-A2CF-B64EAA4EA379}.Release|x64.Build.0 = Release|x64
		{568BFE09-B390-443B-A2CF-B64EAA4EA379}.Release|x86.ActiveCfg = Release|x86
		{568BFE09-B390-443B-A2CF-B64EAA4EA379}.Release|x86.Build.0 = Release|x86
		{7AAC8BDF-F1A5-4CA3-8355-67F08765BF97}.Debug|Any CPU.ActiveCfg = Debug|Any CPU
		{7AAC8BDF-F1A5-4CA3-8355-67F08765BF97}.Debug|Any CPU.Build.0 = Debug|Any CPU
		{7AAC8BDF-F1A5-4CA3-8355-67F08765BF97}.Debug|x64.ActiveCfg = Debug|x64
		{7AAC8BDF-F1A5-4CA3-8355-67F08765BF97}.Debug|x64.Build.0 = Debug|x64
		{7AAC8BDF-F1A5-4CA3-8355-67F08765BF97}.Debug|x86.ActiveCfg = Debug|x86
		{7AAC8BDF-F1A5-4CA3-8355-67F08765BF97}.Debug|x86.Build.0 = Debug|x86
		{7AAC8BDF-F1A5-4CA3-8355-67F08765BF97}.Release|Any CPU.ActiveCfg = Release|Any CPU
		{7AAC8BDF-F1A5-4CA3-8355-67F08765BF97}.Release|Any CPU.Build.0 = Release|Any CPU
		{7AAC8BDF-F1A5-4CA3-8355-67F08765BF97}.Release|x64.ActiveCfg = Release|x64
		{7AAC8BDF-F1A5-4CA3-8355-67F08765BF97}.Release|x64.Build.0 = Release|x64
		{7AAC8BDF-F1A5-4CA3-8355-67F08765BF97}.Release|x86.ActiveCfg = Release|x86
		{7AAC8BDF-F1A5-4CA3-8355-67F08765BF97}.Release|x86.Build.0 = Release|x86
		{AC0CB754-893F-4E43-90C3-88F2BF0581C8}.Debug|Any CPU.ActiveCfg = Debug|Any CPU
		{AC0CB754-893F-4E43-90C3-88F2BF0581C8}.Debug|Any CPU.Build.0 = Debug|Any CPU
		{AC0CB754-893F-4E43-90C3-88F2BF0581C8}.Debug|x64.ActiveCfg = Debug|x64
		{AC0CB754-893F-4E43-90C3-88F2BF0581C8}.Debug|x64.Build.0 = Debug|x64
		{AC0CB754-893F-4E43-90C3-88F2BF0581C8}.Debug|x86.ActiveCfg = Debug|x86
		{AC0CB754-893F-4E43-90C3-88F2BF0581C8}.Debug|x86.Build.0 = Debug|x86
		{AC0CB754-893F-4E43-90C3-88F2BF0581C8}.Release|Any CPU.ActiveCfg = Release|Any CPU
		{AC0CB754-893F-4E43-90C3-88F2BF0581C8}.Release|Any CPU.Build.0 = Release|Any CPU
		{AC0CB754-893F-4E43-90C3-88F2BF0581C8}.Release|x64.ActiveCfg = Release|x64
		{AC0CB754-893F-4E43-90C3-88F2BF0581C8}.Release|x64.Build.0 = Release|x64
		{AC0CB754-893F-4E43-90C3-88F2BF0581C8}.Release|x86.ActiveCfg = Release|x86
		{AC0CB754-893F-4E43-90C3-88F2BF0581C8}.Release|x86.Build.0 = Release|x86
		{D5E88A83-E2FF-4CE3-96CA-052AB5EC0941}.Debug|Any CPU.ActiveCfg = Debug|Any CPU
		{D5E88A83-E2FF-4CE3-96CA-052AB5EC0941}.Debug|Any CPU.Build.0 = Debug|Any CPU
		{D5E88A83-E2FF-4CE3-96CA-052AB5EC0941}.Debug|x64.ActiveCfg = Debug|x64
		{D5E88A83-E2FF-4CE3-96CA-052AB5EC0941}.Debug|x64.Build.0 = Debug|x64
		{D5E88A83-E2FF-4CE3-96CA-052AB5EC0941}.Debug|x86.ActiveCfg = Debug|x86
		{D5E88A83-E2FF-4CE3-96CA-052AB5EC0941}.Debug|x86.Build.0 = Debug|x86
		{D5E88A83-E2FF-4CE3-96CA-052AB5EC0941}.Release|Any CPU.ActiveCfg = Release|Any CPU
		{D5E88A83-E2FF-4CE3-96CA-052AB5EC0941}.Release|Any CPU.Build.0 = Release|Any CPU
		{D5E88A83-E2FF-4CE3-96CA-052AB5EC0941}.Release|x64.ActiveCfg = Release|x64
		{D5E88A83-E2FF-4CE3-96CA-052AB5EC0941}.Release|x64.Build.0 = Release|x64
		{D5E88A83-E2FF-4CE3-96CA-052AB5EC0941}.Release|x86.ActiveCfg = Release|x86
		{D5E88A83-E2FF-4CE3-96CA-052AB5EC0941}.Release|x86.Build.0 = Release|x86
		{8E207908-1430-4435-B3E8-15E238DE1BDA}.Debug|Any CPU.ActiveCfg = Debug|Any CPU
		{8E207908-1430-4435-B3E8-15E238DE1BDA}.Debug|Any CPU.Build.0 = Debug|Any CPU
		{8E207908-1430-4435-B3E8-15E238DE1BDA}.Debug|x64.ActiveCfg = Debug|x64
		{8E207908-1430-4435-B3E8-15E238DE1BDA}.Debug|x64.Build.0 = Debug|x64
		{8E207908-1430-4435-B3E8-15E238DE1BDA}.Debug|x86.ActiveCfg = Debug|x86
		{8E207908-1430-4435-B3E8-15E238DE1BDA}.Debug|x86.Build.0 = Debug|x86
		{8E207908-1430-4435-B3E8-15E238DE1BDA}.Release|Any CPU.ActiveCfg = Release|Any CPU
		{8E207908-1430-4435-B3E8-15E238DE1BDA}.Release|Any CPU.Build.0 = Release|Any CPU
		{8E207908-1430-4435-B3E8-15E238DE1BDA}.Release|x64.ActiveCfg = Release|x64
		{8E207908-1430-4435-B3E8-15E238DE1BDA}.Release|x64.Build.0 = Release|x64
		{8E207908-1430-4435-B3E8-15E238DE1BDA}.Release|x86.ActiveCfg = Release|x86
		{8E207908-1430-4435-B3E8-15E238DE1BDA}.Release|x86.Build.0 = Release|x86
		{B301D57D-20BC-4559-86E8-43D3C01AD8B7}.Debug|Any CPU.ActiveCfg = Debug|Any CPU
		{B301D57D-20BC-4559-86E8-43D3C01AD8B7}.Debug|Any CPU.Build.0 = Debug|Any CPU
		{B301D57D-20BC-4559-86E8-43D3C01AD8B7}.Debug|x64.ActiveCfg = Debug|x64
		{B301D57D-20BC-4559-86E8-43D3C01AD8B7}.Debug|x64.Build.0 = Debug|x64
		{B301D57D-20BC-4559-86E8-43D3C01AD8B7}.Debug|x86.ActiveCfg = Debug|x86
		{B301D57D-20BC-4559-86E8-43D3C01AD8B7}.Debug|x86.Build.0 = Debug|x86
		{B301D57D-20BC-4559-86E8-43D3C01AD8B7}.Release|Any CPU.ActiveCfg = Release|Any CPU
		{B301D57D-20BC-4559-86E8-43D3C01AD8B7}.Release|Any CPU.Build.0 = Release|Any CPU
		{B301D57D-20BC-4559-86E8-43D3C01AD8B7}.Release|x64.ActiveCfg = Release|x64
		{B301D57D-20BC-4559-86E8-43D3C01AD8B7}.Release|x64.Build.0 = Release|x64
		{B301D57D-20BC-4559-86E8-43D3C01AD8B7}.Release|x86.ActiveCfg = Release|x86
		{B301D57D-20BC-4559-86E8-43D3C01AD8B7}.Release|x86.Build.0 = Release|x86
		{F1B77ED4-51B2-445C-9D58-B9719A4735E6}.Debug|Any CPU.ActiveCfg = Debug|Any CPU
		{F1B77ED4-51B2-445C-9D58-B9719A4735E6}.Debug|Any CPU.Build.0 = Debug|Any CPU
		{F1B77ED4-51B2-445C-9D58-B9719A4735E6}.Debug|x64.ActiveCfg = Debug|x64
		{F1B77ED4-51B2-445C-9D58-B9719A4735E6}.Debug|x64.Build.0 = Debug|x64
		{F1B77ED4-51B2-445C-9D58-B9719A4735E6}.Debug|x86.ActiveCfg = Debug|x86
		{F1B77ED4-51B2-445C-9D58-B9719A4735E6}.Debug|x86.Build.0 = Debug|x86
		{F1B77ED4-51B2-445C-9D58-B9719A4735E6}.Release|Any CPU.ActiveCfg = Release|Any CPU
		{F1B77ED4-51B2-445C-9D58-B9719A4735E6}.Release|Any CPU.Build.0 = Release|Any CPU
		{F1B77ED4-51B2-445C-9D58-B9719A4735E6}.Release|x64.ActiveCfg = Release|x64
		{F1B77ED4-51B2-445C-9D58-B9719A4735E6}.Release|x64.Build.0 = Release|x64
		{F1B77ED4-51B2-445C-9D58-B9719A4735E6}.Release|x86.ActiveCfg = Release|x86
		{F1B77ED4-51B2-445C-9D58-B9719A4735E6}.Release|x86.Build.0 = Release|x86
		{4BA5F719-AB99-4119-8285-E8288D676609}.Debug|Any CPU.ActiveCfg = Debug|Any CPU
		{4BA5F719-AB99-4119-8285-E8288D676609}.Debug|Any CPU.Build.0 = Debug|Any CPU
		{4BA5F719-AB99-4119-8285-E8288D676609}.Debug|x64.ActiveCfg = Debug|x64
		{4BA5F719-AB99-4119-8285-E8288D676609}.Debug|x64.Build.0 = Debug|x64
		{4BA5F719-AB99-4119-8285-E8288D676609}.Debug|x86.ActiveCfg = Debug|x86
		{4BA5F719-AB99-4119-8285-E8288D676609}.Debug|x86.Build.0 = Debug|x86
		{4BA5F719-AB99-4119-8285-E8288D676609}.Release|Any CPU.ActiveCfg = Release|Any CPU
		{4BA5F719-AB99-4119-8285-E8288D676609}.Release|Any CPU.Build.0 = Release|Any CPU
		{4BA5F719-AB99-4119-8285-E8288D676609}.Release|x64.ActiveCfg = Release|x64
		{4BA5F719-AB99-4119-8285-E8288D676609}.Release|x64.Build.0 = Release|x64
		{4BA5F719-AB99-4119-8285-E8288D676609}.Release|x86.ActiveCfg = Release|x86
		{4BA5F719-AB99-4119-8285-E8288D676609}.Release|x86.Build.0 = Release|x86
		{A8DC1EAE-E5F8-419B-A0C1-2B1B6C45F6D6}.Debug|Any CPU.ActiveCfg = Debug|Any CPU
		{A8DC1EAE-E5F8-419B-A0C1-2B1B6C45F6D6}.Debug|Any CPU.Build.0 = Debug|Any CPU
		{A8DC1EAE-E5F8-419B-A0C1-2B1B6C45F6D6}.Debug|x64.ActiveCfg = Debug|x64
		{A8DC1EAE-E5F8-419B-A0C1-2B1B6C45F6D6}.Debug|x64.Build.0 = Debug|x64
		{A8DC1EAE-E5F8-419B-A0C1-2B1B6C45F6D6}.Debug|x86.ActiveCfg = Debug|x86
		{A8DC1EAE-E5F8-419B-A0C1-2B1B6C45F6D6}.Debug|x86.Build.0 = Debug|x86
		{A8DC1EAE-E5F8-419B-A0C1-2B1B6C45F6D6}.Release|Any CPU.ActiveCfg = Release|Any CPU
		{A8DC1EAE-E5F8-419B-A0C1-2B1B6C45F6D6}.Release|Any CPU.Build.0 = Release|Any CPU
		{A8DC1EAE-E5F8-419B-A0C1-2B1B6C45F6D6}.Release|x64.ActiveCfg = Release|x64
		{A8DC1EAE-E5F8-419B-A0C1-2B1B6C45F6D6}.Release|x64.Build.0 = Release|x64
		{A8DC1EAE-E5F8-419B-A0C1-2B1B6C45F6D6}.Release|x86.ActiveCfg = Release|x86
		{A8DC1EAE-E5F8-419B-A0C1-2B1B6C45F6D6}.Release|x86.Build.0 = Release|x86
		{F0132EB7-1A0C-4583-9C5C-D9296B73C59A}.Debug|Any CPU.ActiveCfg = Debug|Any CPU
		{F0132EB7-1A0C-4583-9C5C-D9296B73C59A}.Debug|Any CPU.Build.0 = Debug|Any CPU
		{F0132EB7-1A0C-4583-9C5C-D9296B73C59A}.Debug|x64.ActiveCfg = Debug|x64
		{F0132EB7-1A0C-4583-9C5C-D9296B73C59A}.Debug|x64.Build.0 = Debug|x64
		{F0132EB7-1A0C-4583-9C5C-D9296B73C59A}.Debug|x86.ActiveCfg = Debug|x86
		{F0132EB7-1A0C-4583-9C5C-D9296B73C59A}.Debug|x86.Build.0 = Debug|x86
		{F0132EB7-1A0C-4583-9C5C-D9296B73C59A}.Release|Any CPU.ActiveCfg = Release|Any CPU
		{F0132EB7-1A0C-4583-9C5C-D9296B73C59A}.Release|Any CPU.Build.0 = Release|Any CPU
		{F0132EB7-1A0C-4583-9C5C-D9296B73C59A}.Release|x64.ActiveCfg = Release|x64
		{F0132EB7-1A0C-4583-9C5C-D9296B73C59A}.Release|x64.Build.0 = Release|x64
		{F0132EB7-1A0C-4583-9C5C-D9296B73C59A}.Release|x86.ActiveCfg = Release|x86
		{F0132EB7-1A0C-4583-9C5C-D9296B73C59A}.Release|x86.Build.0 = Release|x86
		{F98BC72C-A3F4-4944-86F7-A323B39E7250}.Debug|Any CPU.ActiveCfg = Debug|Any CPU
		{F98BC72C-A3F4-4944-86F7-A323B39E7250}.Debug|Any CPU.Build.0 = Debug|Any CPU
		{F98BC72C-A3F4-4944-86F7-A323B39E7250}.Debug|x64.ActiveCfg = Debug|x64
		{F98BC72C-A3F4-4944-86F7-A323B39E7250}.Debug|x64.Build.0 = Debug|x64
		{F98BC72C-A3F4-4944-86F7-A323B39E7250}.Debug|x86.ActiveCfg = Debug|x86
		{F98BC72C-A3F4-4944-86F7-A323B39E7250}.Debug|x86.Build.0 = Debug|x86
		{F98BC72C-A3F4-4944-86F7-A323B39E7250}.Release|Any CPU.ActiveCfg = Release|Any CPU
		{F98BC72C-A3F4-4944-86F7-A323B39E7250}.Release|Any CPU.Build.0 = Release|Any CPU
		{F98BC72C-A3F4-4944-86F7-A323B39E7250}.Release|x64.ActiveCfg = Release|x64
		{F98BC72C-A3F4-4944-86F7-A323B39E7250}.Release|x64.Build.0 = Release|x64
		{F98BC72C-A3F4-4944-86F7-A323B39E7250}.Release|x86.ActiveCfg = Release|x86
		{F98BC72C-A3F4-4944-86F7-A323B39E7250}.Release|x86.Build.0 = Release|x86
		{33AACEA3-0D8A-4D9C-B708-D7E335916E65}.Debug|Any CPU.ActiveCfg = Debug|Any CPU
		{33AACEA3-0D8A-4D9C-B708-D7E335916E65}.Debug|Any CPU.Build.0 = Debug|Any CPU
		{33AACEA3-0D8A-4D9C-B708-D7E335916E65}.Debug|x64.ActiveCfg = Debug|x64
		{33AACEA3-0D8A-4D9C-B708-D7E335916E65}.Debug|x64.Build.0 = Debug|x64
		{33AACEA3-0D8A-4D9C-B708-D7E335916E65}.Debug|x86.ActiveCfg = Debug|x86
		{33AACEA3-0D8A-4D9C-B708-D7E335916E65}.Debug|x86.Build.0 = Debug|x86
		{33AACEA3-0D8A-4D9C-B708-D7E335916E65}.Release|Any CPU.ActiveCfg = Release|Any CPU
		{33AACEA3-0D8A-4D9C-B708-D7E335916E65}.Release|Any CPU.Build.0 = Release|Any CPU
		{33AACEA3-0D8A-4D9C-B708-D7E335916E65}.Release|x64.ActiveCfg = Release|x64
		{33AACEA3-0D8A-4D9C-B708-D7E335916E65}.Release|x64.Build.0 = Release|x64
		{33AACEA3-0D8A-4D9C-B708-D7E335916E65}.Release|x86.ActiveCfg = Release|x86
		{33AACEA3-0D8A-4D9C-B708-D7E335916E65}.Release|x86.Build.0 = Release|x86
		{DAC58064-F879-4D96-82C6-2EB806E866FF}.Debug|Any CPU.ActiveCfg = Debug|Any CPU
		{DAC58064-F879-4D96-82C6-2EB806E866FF}.Debug|Any CPU.Build.0 = Debug|Any CPU
		{DAC58064-F879-4D96-82C6-2EB806E866FF}.Debug|x64.ActiveCfg = Debug|x64
		{DAC58064-F879-4D96-82C6-2EB806E866FF}.Debug|x64.Build.0 = Debug|x64
		{DAC58064-F879-4D96-82C6-2EB806E866FF}.Debug|x86.ActiveCfg = Debug|x86
		{DAC58064-F879-4D96-82C6-2EB806E866FF}.Debug|x86.Build.0 = Debug|x86
		{DAC58064-F879-4D96-82C6-2EB806E866FF}.Release|Any CPU.ActiveCfg = Release|Any CPU
		{DAC58064-F879-4D96-82C6-2EB806E866FF}.Release|Any CPU.Build.0 = Release|Any CPU
		{DAC58064-F879-4D96-82C6-2EB806E866FF}.Release|x64.ActiveCfg = Release|x64
		{DAC58064-F879-4D96-82C6-2EB806E866FF}.Release|x64.Build.0 = Release|x64
		{DAC58064-F879-4D96-82C6-2EB806E866FF}.Release|x86.ActiveCfg = Release|x86
		{DAC58064-F879-4D96-82C6-2EB806E866FF}.Release|x86.Build.0 = Release|x86
		{F6967AD7-E0E8-4DAB-A304-FF501BAE444B}.Debug|Any CPU.ActiveCfg = Debug|Any CPU
		{F6967AD7-E0E8-4DAB-A304-FF501BAE444B}.Debug|Any CPU.Build.0 = Debug|Any CPU
		{F6967AD7-E0E8-4DAB-A304-FF501BAE444B}.Debug|x64.ActiveCfg = Debug|x64
		{F6967AD7-E0E8-4DAB-A304-FF501BAE444B}.Debug|x64.Build.0 = Debug|x64
		{F6967AD7-E0E8-4DAB-A304-FF501BAE444B}.Debug|x86.ActiveCfg = Debug|x86
		{F6967AD7-E0E8-4DAB-A304-FF501BAE444B}.Debug|x86.Build.0 = Debug|x86
		{F6967AD7-E0E8-4DAB-A304-FF501BAE444B}.Release|Any CPU.ActiveCfg = Release|Any CPU
		{F6967AD7-E0E8-4DAB-A304-FF501BAE444B}.Release|Any CPU.Build.0 = Release|Any CPU
		{F6967AD7-E0E8-4DAB-A304-FF501BAE444B}.Release|x64.ActiveCfg = Release|x64
		{F6967AD7-E0E8-4DAB-A304-FF501BAE444B}.Release|x64.Build.0 = Release|x64
		{F6967AD7-E0E8-4DAB-A304-FF501BAE444B}.Release|x86.ActiveCfg = Release|x86
		{F6967AD7-E0E8-4DAB-A304-FF501BAE444B}.Release|x86.Build.0 = Release|x86
		{8E02F79B-55A9-408E-81AA-1E7AC63C04B2}.Debug|Any CPU.ActiveCfg = Debug|Any CPU
		{8E02F79B-55A9-408E-81AA-1E7AC63C04B2}.Debug|Any CPU.Build.0 = Debug|Any CPU
		{8E02F79B-55A9-408E-81AA-1E7AC63C04B2}.Debug|x64.ActiveCfg = Debug|x64
		{8E02F79B-55A9-408E-81AA-1E7AC63C04B2}.Debug|x64.Build.0 = Debug|x64
		{8E02F79B-55A9-408E-81AA-1E7AC63C04B2}.Debug|x86.ActiveCfg = Debug|x86
		{8E02F79B-55A9-408E-81AA-1E7AC63C04B2}.Debug|x86.Build.0 = Debug|x86
		{8E02F79B-55A9-408E-81AA-1E7AC63C04B2}.Release|Any CPU.ActiveCfg = Release|Any CPU
		{8E02F79B-55A9-408E-81AA-1E7AC63C04B2}.Release|Any CPU.Build.0 = Release|Any CPU
		{8E02F79B-55A9-408E-81AA-1E7AC63C04B2}.Release|x64.ActiveCfg = Release|x64
		{8E02F79B-55A9-408E-81AA-1E7AC63C04B2}.Release|x64.Build.0 = Release|x64
		{8E02F79B-55A9-408E-81AA-1E7AC63C04B2}.Release|x86.ActiveCfg = Release|x86
		{8E02F79B-55A9-408E-81AA-1E7AC63C04B2}.Release|x86.Build.0 = Release|x86
		{8A394688-0BE4-46FB-B5D4-53F7B249491F}.Debug|Any CPU.ActiveCfg = Debug|Any CPU
		{8A394688-0BE4-46FB-B5D4-53F7B249491F}.Debug|Any CPU.Build.0 = Debug|Any CPU
		{8A394688-0BE4-46FB-B5D4-53F7B249491F}.Debug|x64.ActiveCfg = Debug|x64
		{8A394688-0BE4-46FB-B5D4-53F7B249491F}.Debug|x64.Build.0 = Debug|x64
		{8A394688-0BE4-46FB-B5D4-53F7B249491F}.Debug|x86.ActiveCfg = Debug|x86
		{8A394688-0BE4-46FB-B5D4-53F7B249491F}.Debug|x86.Build.0 = Debug|x86
		{8A394688-0BE4-46FB-B5D4-53F7B249491F}.Release|Any CPU.ActiveCfg = Release|Any CPU
		{8A394688-0BE4-46FB-B5D4-53F7B249491F}.Release|Any CPU.Build.0 = Release|Any CPU
		{8A394688-0BE4-46FB-B5D4-53F7B249491F}.Release|x64.ActiveCfg = Release|x64
		{8A394688-0BE4-46FB-B5D4-53F7B249491F}.Release|x64.Build.0 = Release|x64
		{8A394688-0BE4-46FB-B5D4-53F7B249491F}.Release|x86.ActiveCfg = Release|x86
		{8A394688-0BE4-46FB-B5D4-53F7B249491F}.Release|x86.Build.0 = Release|x86
		{405CAA6B-81E3-4D0A-9414-640B0D7F9C79}.Debug|Any CPU.ActiveCfg = Debug|Any CPU
		{405CAA6B-81E3-4D0A-9414-640B0D7F9C79}.Debug|Any CPU.Build.0 = Debug|Any CPU
		{405CAA6B-81E3-4D0A-9414-640B0D7F9C79}.Debug|x64.ActiveCfg = Debug|x64
		{405CAA6B-81E3-4D0A-9414-640B0D7F9C79}.Debug|x64.Build.0 = Debug|x64
		{405CAA6B-81E3-4D0A-9414-640B0D7F9C79}.Debug|x86.ActiveCfg = Debug|x86
		{405CAA6B-81E3-4D0A-9414-640B0D7F9C79}.Debug|x86.Build.0 = Debug|x86
		{405CAA6B-81E3-4D0A-9414-640B0D7F9C79}.Release|Any CPU.ActiveCfg = Release|Any CPU
		{405CAA6B-81E3-4D0A-9414-640B0D7F9C79}.Release|Any CPU.Build.0 = Release|Any CPU
		{405CAA6B-81E3-4D0A-9414-640B0D7F9C79}.Release|x64.ActiveCfg = Release|x64
		{405CAA6B-81E3-4D0A-9414-640B0D7F9C79}.Release|x64.Build.0 = Release|x64
		{405CAA6B-81E3-4D0A-9414-640B0D7F9C79}.Release|x86.ActiveCfg = Release|x86
		{405CAA6B-81E3-4D0A-9414-640B0D7F9C79}.Release|x86.Build.0 = Release|x86
		{5605FDCE-E299-411A-9DFD-5F8E9074401A}.Debug|Any CPU.ActiveCfg = Debug|Any CPU
		{5605FDCE-E299-411A-9DFD-5F8E9074401A}.Debug|Any CPU.Build.0 = Debug|Any CPU
		{5605FDCE-E299-411A-9DFD-5F8E9074401A}.Debug|x64.ActiveCfg = Debug|x64
		{5605FDCE-E299-411A-9DFD-5F8E9074401A}.Debug|x64.Build.0 = Debug|x64
		{5605FDCE-E299-411A-9DFD-5F8E9074401A}.Debug|x86.ActiveCfg = Debug|x86
		{5605FDCE-E299-411A-9DFD-5F8E9074401A}.Debug|x86.Build.0 = Debug|x86
		{5605FDCE-E299-411A-9DFD-5F8E9074401A}.Release|Any CPU.ActiveCfg = Release|Any CPU
		{5605FDCE-E299-411A-9DFD-5F8E9074401A}.Release|Any CPU.Build.0 = Release|Any CPU
		{5605FDCE-E299-411A-9DFD-5F8E9074401A}.Release|x64.ActiveCfg = Release|x64
		{5605FDCE-E299-411A-9DFD-5F8E9074401A}.Release|x64.Build.0 = Release|x64
		{5605FDCE-E299-411A-9DFD-5F8E9074401A}.Release|x86.ActiveCfg = Release|x86
		{5605FDCE-E299-411A-9DFD-5F8E9074401A}.Release|x86.Build.0 = Release|x86
		{1ED0FED8-1AFD-4AA7-94BC-83E4D22EDDD2}.Debug|Any CPU.ActiveCfg = Debug|Any CPU
		{1ED0FED8-1AFD-4AA7-94BC-83E4D22EDDD2}.Debug|Any CPU.Build.0 = Debug|Any CPU
		{1ED0FED8-1AFD-4AA7-94BC-83E4D22EDDD2}.Debug|x64.ActiveCfg = Debug|x64
		{1ED0FED8-1AFD-4AA7-94BC-83E4D22EDDD2}.Debug|x64.Build.0 = Debug|x64
		{1ED0FED8-1AFD-4AA7-94BC-83E4D22EDDD2}.Debug|x86.ActiveCfg = Debug|x86
		{1ED0FED8-1AFD-4AA7-94BC-83E4D22EDDD2}.Debug|x86.Build.0 = Debug|x86
		{1ED0FED8-1AFD-4AA7-94BC-83E4D22EDDD2}.Release|Any CPU.ActiveCfg = Release|Any CPU
		{1ED0FED8-1AFD-4AA7-94BC-83E4D22EDDD2}.Release|Any CPU.Build.0 = Release|Any CPU
		{1ED0FED8-1AFD-4AA7-94BC-83E4D22EDDD2}.Release|x64.ActiveCfg = Release|x64
		{1ED0FED8-1AFD-4AA7-94BC-83E4D22EDDD2}.Release|x64.Build.0 = Release|x64
		{1ED0FED8-1AFD-4AA7-94BC-83E4D22EDDD2}.Release|x86.ActiveCfg = Release|x86
		{1ED0FED8-1AFD-4AA7-94BC-83E4D22EDDD2}.Release|x86.Build.0 = Release|x86
		{01B26EF4-B857-480A-8A7C-03C942A26EAE}.Debug|Any CPU.ActiveCfg = Debug|Any CPU
		{01B26EF4-B857-480A-8A7C-03C942A26EAE}.Debug|Any CPU.Build.0 = Debug|Any CPU
		{01B26EF4-B857-480A-8A7C-03C942A26EAE}.Debug|x64.ActiveCfg = Debug|x64
		{01B26EF4-B857-480A-8A7C-03C942A26EAE}.Debug|x64.Build.0 = Debug|x64
		{01B26EF4-B857-480A-8A7C-03C942A26EAE}.Debug|x86.ActiveCfg = Debug|x86
		{01B26EF4-B857-480A-8A7C-03C942A26EAE}.Debug|x86.Build.0 = Debug|x86
		{01B26EF4-B857-480A-8A7C-03C942A26EAE}.Release|Any CPU.ActiveCfg = Release|Any CPU
		{01B26EF4-B857-480A-8A7C-03C942A26EAE}.Release|Any CPU.Build.0 = Release|Any CPU
		{01B26EF4-B857-480A-8A7C-03C942A26EAE}.Release|x64.ActiveCfg = Release|x64
		{01B26EF4-B857-480A-8A7C-03C942A26EAE}.Release|x64.Build.0 = Release|x64
		{01B26EF4-B857-480A-8A7C-03C942A26EAE}.Release|x86.ActiveCfg = Release|x86
		{01B26EF4-B857-480A-8A7C-03C942A26EAE}.Release|x86.Build.0 = Release|x86
		{5D2A496E-C0B1-487F-B7E3-7C0098C9ED5B}.Debug|Any CPU.ActiveCfg = Debug|Any CPU
		{5D2A496E-C0B1-487F-B7E3-7C0098C9ED5B}.Debug|Any CPU.Build.0 = Debug|Any CPU
		{5D2A496E-C0B1-487F-B7E3-7C0098C9ED5B}.Debug|x64.ActiveCfg = Debug|x64
		{5D2A496E-C0B1-487F-B7E3-7C0098C9ED5B}.Debug|x64.Build.0 = Debug|x64
		{5D2A496E-C0B1-487F-B7E3-7C0098C9ED5B}.Debug|x86.ActiveCfg = Debug|x86
		{5D2A496E-C0B1-487F-B7E3-7C0098C9ED5B}.Debug|x86.Build.0 = Debug|x86
		{5D2A496E-C0B1-487F-B7E3-7C0098C9ED5B}.Release|Any CPU.ActiveCfg = Release|Any CPU
		{5D2A496E-C0B1-487F-B7E3-7C0098C9ED5B}.Release|Any CPU.Build.0 = Release|Any CPU
		{5D2A496E-C0B1-487F-B7E3-7C0098C9ED5B}.Release|x64.ActiveCfg = Release|x64
		{5D2A496E-C0B1-487F-B7E3-7C0098C9ED5B}.Release|x64.Build.0 = Release|x64
		{5D2A496E-C0B1-487F-B7E3-7C0098C9ED5B}.Release|x86.ActiveCfg = Release|x86
		{5D2A496E-C0B1-487F-B7E3-7C0098C9ED5B}.Release|x86.Build.0 = Release|x86
		{2E04CBFC-6EC9-485C-AD7E-9D5F038CB2A9}.Debug|Any CPU.ActiveCfg = Debug|Any CPU
		{2E04CBFC-6EC9-485C-AD7E-9D5F038CB2A9}.Debug|Any CPU.Build.0 = Debug|Any CPU
		{2E04CBFC-6EC9-485C-AD7E-9D5F038CB2A9}.Debug|x64.ActiveCfg = Debug|x64
		{2E04CBFC-6EC9-485C-AD7E-9D5F038CB2A9}.Debug|x64.Build.0 = Debug|x64
		{2E04CBFC-6EC9-485C-AD7E-9D5F038CB2A9}.Debug|x86.ActiveCfg = Debug|x86
		{2E04CBFC-6EC9-485C-AD7E-9D5F038CB2A9}.Debug|x86.Build.0 = Debug|x86
		{2E04CBFC-6EC9-485C-AD7E-9D5F038CB2A9}.Release|Any CPU.ActiveCfg = Release|Any CPU
		{2E04CBFC-6EC9-485C-AD7E-9D5F038CB2A9}.Release|Any CPU.Build.0 = Release|Any CPU
		{2E04CBFC-6EC9-485C-AD7E-9D5F038CB2A9}.Release|x64.ActiveCfg = Release|x64
		{2E04CBFC-6EC9-485C-AD7E-9D5F038CB2A9}.Release|x64.Build.0 = Release|x64
		{2E04CBFC-6EC9-485C-AD7E-9D5F038CB2A9}.Release|x86.ActiveCfg = Release|x86
		{2E04CBFC-6EC9-485C-AD7E-9D5F038CB2A9}.Release|x86.Build.0 = Release|x86
	EndGlobalSection
	GlobalSection(NestedProjects) = preSolution
		{5605FDCE-E299-411A-9DFD-5F8E9074401A} = {4F77A5C5-F3AA-40A0-910F-785C520FEF8E}
		{1ED0FED8-1AFD-4AA7-94BC-83E4D22EDDD2} = {4F77A5C5-F3AA-40A0-910F-785C520FEF8E}
		{01B26EF4-B857-480A-8A7C-03C942A26EAE} = {4F77A5C5-F3AA-40A0-910F-785C520FEF8E}
		{5D2A496E-C0B1-487F-B7E3-7C0098C9ED5B} = {4F77A5C5-F3AA-40A0-910F-785C520FEF8E}
		{2E04CBFC-6EC9-485C-AD7E-9D5F038CB2A9} = {4F77A5C5-F3AA-40A0-910F-785C520FEF8E}
	EndGlobalSection
EndGlobal
