
Microsoft Visual Studio Solution File, Format Version 12.00
# Visual Studio 15
VisualStudioVersion = 15.0.26124.0
MinimumVisualStudioVersion = 15.0.26124.0
Project("{FAE04EC0-301F-11D3-BF4B-00C04F79EFBC}") = "Fable", "src\Fable.proj", "{6EDB2B01-9207-44B8-B51A-66178B8C83DD}"
EndProject
Project("{2150E333-8FDC-42A3-9474-1A3956D46DE8}") = "src", "src", "{54CCA114-8C4B-489D-8B9B-77785C19CD22}"
EndProject
Project("{F2A71F9B-5D33-465A-A702-920D77279786}") = "animejs", "src\animejs\animejs.fsproj", "{CFBC7308-57F9-4425-A3DE-B36C6F361480}"
EndProject
Project("{F2A71F9B-5D33-465A-A702-920D77279786}") = "basic", "src\basic\basic.fsproj", "{D8BA8616-7F5B-4246-8DA8-0383B759AF1A}"
EndProject
Project("{F2A71F9B-5D33-465A-A702-920D77279786}") = "click", "src\click\click.fsproj", "{6F598372-56E4-4F8B-B6BD-11B82FC013FF}"
EndProject
Project("{F2A71F9B-5D33-465A-A702-920D77279786}") = "container", "src\container\container.fsproj", "{318FCD77-ADCB-4446-8145-5EA0F7331ED8}"
EndProject
Project("{F2A71F9B-5D33-465A-A702-920D77279786}") = "containerPivot", "src\containerPivot\containerPivot.fsproj", "{4E41BC5E-EAF6-4AF1-A1FB-CB246ABC4EF9}"
EndProject
Project("{F2A71F9B-5D33-465A-A702-920D77279786}") = "customFilters", "src\customFilters\customFilters.fsproj", "{EEB96C16-7391-4BF4-9B6D-1D90707E3480}"
EndProject
Project("{F2A71F9B-5D33-465A-A702-920D77279786}") = "dragging", "src\dragging\dragging.fsproj", "{DFD3373A-FB54-4137-91A6-8F21E8AF7F49}"
EndProject
Project("{F2A71F9B-5D33-465A-A702-920D77279786}") = "draggor", "src\draggor\draggor.fsproj", "{916D17BA-600E-4D19-BFFB-68ECB01F4A27}"
EndProject
Project("{F2A71F9B-5D33-465A-A702-920D77279786}") = "dragonParticle", "src\dragonParticle\dragonParticle.fsproj", "{C4199AB1-FC37-463F-B162-E8B8BE4775D6}"
EndProject
Project("{F2A71F9B-5D33-465A-A702-920D77279786}") = "graphics", "src\graphics\graphics.fsproj", "{325D461C-BA74-471B-ABF2-3EDBA88EB664}"
EndProject
Project("{F2A71F9B-5D33-465A-A702-920D77279786}") = "particles", "src\particles\particles.fsproj", "{67FABBE7-088C-449D-AC87-769C32E71716}"
EndProject
Project("{F2A71F9B-5D33-465A-A702-920D77279786}") = "renderTexture", "src\renderTexture\renderTexture.fsproj", "{6BE7AF06-6464-46EF-A829-12823242502B}"
EndProject
Project("{F2A71F9B-5D33-465A-A702-920D77279786}") = "sound", "src\sound\sound.fsproj", "{2316F7DC-5094-4D07-9BB8-E4F8B24C5131}"
EndProject
Project("{F2A71F9B-5D33-465A-A702-920D77279786}") = "ssa", "src\ssa\ssa.fsproj", "{D6D537C2-67DE-497F-8B43-ABB426251493}"
EndProject
Project("{F2A71F9B-5D33-465A-A702-920D77279786}") = "text", "src\text\text.fsproj", "{6B511B4C-6F8B-48FC-91EB-B7C8D5611FDB}"
EndProject
Project("{F2A71F9B-5D33-465A-A702-920D77279786}") = "textureSwap", "src\textureSwap\textureSwap.fsproj", "{F1448975-4E8B-4A3F-9DAB-A482D88BF629}"
EndProject
Project("{F2A71F9B-5D33-465A-A702-920D77279786}") = "texturedMesh", "src\texturedMesh\texturedMesh.fsproj", "{94E76FCF-1EEA-4E20-B02D-03160775DF15}"
EndProject
Project("{F2A71F9B-5D33-465A-A702-920D77279786}") = "tilingSprite", "src\tilingSprite\tilingSprite.fsproj", "{8E6FC41B-445B-4987-BC09-46C3FAEF70F9}"
EndProject
Project("{F2A71F9B-5D33-465A-A702-920D77279786}") = "tinting", "src\tinting\tinting.fsproj", "{6C0CD6AD-D18A-4AF3-9E40-9F1F9642EFC1}"
EndProject
Project("{F2A71F9B-5D33-465A-A702-920D77279786}") = "video", "src\video\video.fsproj", "{99DA57BE-9C0A-490E-A76B-00499A1BF312}"
EndProject
Project("{F2A71F9B-5D33-465A-A702-920D77279786}") = "transitionOverHtml", "src\transitionOverHtml\transitionOverHtml.fsproj", "{46873FEE-4E07-461E-9333-FDB9935C1B63}"
EndProject
Project("{F2A71F9B-5D33-465A-A702-920D77279786}") = "elmish", "src\elmish\elmish.fsproj", "{0B9F6B62-9346-4E8A-B2A0-513FB1062B03}"
EndProject
Global
	GlobalSection(SolutionConfigurationPlatforms) = preSolution
		Debug|Any CPU = Debug|Any CPU
		Debug|x64 = Debug|x64
		Debug|x86 = Debug|x86
		Release|Any CPU = Release|Any CPU
		Release|x64 = Release|x64
		Release|x86 = Release|x86
	EndGlobalSection
	GlobalSection(SolutionProperties) = preSolution
		HideSolutionNode = FALSE
	EndGlobalSection
	GlobalSection(ProjectConfigurationPlatforms) = postSolution
		{A657D68F-2FF8-4D4E-94F4-03373E48D793}.Debug|Any CPU.ActiveCfg = Debug|Any CPU
		{A657D68F-2FF8-4D4E-94F4-03373E48D793}.Debug|Any CPU.Build.0 = Debug|Any CPU
		{A657D68F-2FF8-4D4E-94F4-03373E48D793}.Debug|x64.ActiveCfg = Debug|x64
		{A657D68F-2FF8-4D4E-94F4-03373E48D793}.Debug|x64.Build.0 = Debug|x64
		{A657D68F-2FF8-4D4E-94F4-03373E48D793}.Debug|x86.ActiveCfg = Debug|x86
		{A657D68F-2FF8-4D4E-94F4-03373E48D793}.Debug|x86.Build.0 = Debug|x86
		{A657D68F-2FF8-4D4E-94F4-03373E48D793}.Release|Any CPU.ActiveCfg = Release|Any CPU
		{A657D68F-2FF8-4D4E-94F4-03373E48D793}.Release|Any CPU.Build.0 = Release|Any CPU
		{A657D68F-2FF8-4D4E-94F4-03373E48D793}.Release|x64.ActiveCfg = Release|x64
		{A657D68F-2FF8-4D4E-94F4-03373E48D793}.Release|x64.Build.0 = Release|x64
		{A657D68F-2FF8-4D4E-94F4-03373E48D793}.Release|x86.ActiveCfg = Release|x86
		{A657D68F-2FF8-4D4E-94F4-03373E48D793}.Release|x86.Build.0 = Release|x86
		{34E52684-F16A-4255-998B-15C50C559EE8}.Debug|Any CPU.ActiveCfg = Debug|Any CPU
		{34E52684-F16A-4255-998B-15C50C559EE8}.Debug|Any CPU.Build.0 = Debug|Any CPU
		{34E52684-F16A-4255-998B-15C50C559EE8}.Debug|x64.ActiveCfg = Debug|x64
		{34E52684-F16A-4255-998B-15C50C559EE8}.Debug|x64.Build.0 = Debug|x64
		{34E52684-F16A-4255-998B-15C50C559EE8}.Debug|x86.ActiveCfg = Debug|x86
		{34E52684-F16A-4255-998B-15C50C559EE8}.Debug|x86.Build.0 = Debug|x86
		{34E52684-F16A-4255-998B-15C50C559EE8}.Release|Any CPU.ActiveCfg = Release|Any CPU
		{34E52684-F16A-4255-998B-15C50C559EE8}.Release|Any CPU.Build.0 = Release|Any CPU
		{34E52684-F16A-4255-998B-15C50C559EE8}.Release|x64.ActiveCfg = Release|x64
		{34E52684-F16A-4255-998B-15C50C559EE8}.Release|x64.Build.0 = Release|x64
		{34E52684-F16A-4255-998B-15C50C559EE8}.Release|x86.ActiveCfg = Release|x86
		{34E52684-F16A-4255-998B-15C50C559EE8}.Release|x86.Build.0 = Release|x86
		{B3A83CC0-C80E-4BB0-965C-15369934137C}.Debug|Any CPU.ActiveCfg = Debug|Any CPU
		{B3A83CC0-C80E-4BB0-965C-15369934137C}.Debug|Any CPU.Build.0 = Debug|Any CPU
		{B3A83CC0-C80E-4BB0-965C-15369934137C}.Debug|x64.ActiveCfg = Debug|x64
		{B3A83CC0-C80E-4BB0-965C-15369934137C}.Debug|x64.Build.0 = Debug|x64
		{B3A83CC0-C80E-4BB0-965C-15369934137C}.Debug|x86.ActiveCfg = Debug|x86
		{B3A83CC0-C80E-4BB0-965C-15369934137C}.Debug|x86.Build.0 = Debug|x86
		{B3A83CC0-C80E-4BB0-965C-15369934137C}.Release|Any CPU.ActiveCfg = Release|Any CPU
		{B3A83CC0-C80E-4BB0-965C-15369934137C}.Release|Any CPU.Build.0 = Release|Any CPU
		{B3A83CC0-C80E-4BB0-965C-15369934137C}.Release|x64.ActiveCfg = Release|x64
		{B3A83CC0-C80E-4BB0-965C-15369934137C}.Release|x64.Build.0 = Release|x64
		{B3A83CC0-C80E-4BB0-965C-15369934137C}.Release|x86.ActiveCfg = Release|x86
		{B3A83CC0-C80E-4BB0-965C-15369934137C}.Release|x86.Build.0 = Release|x86
		{63F3424A-6DB7-4D61-8CE9-1E295CDC0CD3}.Debug|Any CPU.ActiveCfg = Debug|Any CPU
		{63F3424A-6DB7-4D61-8CE9-1E295CDC0CD3}.Debug|Any CPU.Build.0 = Debug|Any CPU
		{63F3424A-6DB7-4D61-8CE9-1E295CDC0CD3}.Debug|x64.ActiveCfg = Debug|x64
		{63F3424A-6DB7-4D61-8CE9-1E295CDC0CD3}.Debug|x64.Build.0 = Debug|x64
		{63F3424A-6DB7-4D61-8CE9-1E295CDC0CD3}.Debug|x86.ActiveCfg = Debug|x86
		{63F3424A-6DB7-4D61-8CE9-1E295CDC0CD3}.Debug|x86.Build.0 = Debug|x86
		{63F3424A-6DB7-4D61-8CE9-1E295CDC0CD3}.Release|Any CPU.ActiveCfg = Release|Any CPU
		{63F3424A-6DB7-4D61-8CE9-1E295CDC0CD3}.Release|Any CPU.Build.0 = Release|Any CPU
		{63F3424A-6DB7-4D61-8CE9-1E295CDC0CD3}.Release|x64.ActiveCfg = Release|x64
		{63F3424A-6DB7-4D61-8CE9-1E295CDC0CD3}.Release|x64.Build.0 = Release|x64
		{63F3424A-6DB7-4D61-8CE9-1E295CDC0CD3}.Release|x86.ActiveCfg = Release|x86
		{63F3424A-6DB7-4D61-8CE9-1E295CDC0CD3}.Release|x86.Build.0 = Release|x86
		{53B3DB05-6F25-4C7D-83C5-63DFC931425A}.Debug|Any CPU.ActiveCfg = Debug|Any CPU
		{53B3DB05-6F25-4C7D-83C5-63DFC931425A}.Debug|Any CPU.Build.0 = Debug|Any CPU
		{53B3DB05-6F25-4C7D-83C5-63DFC931425A}.Debug|x64.ActiveCfg = Debug|x64
		{53B3DB05-6F25-4C7D-83C5-63DFC931425A}.Debug|x64.Build.0 = Debug|x64
		{53B3DB05-6F25-4C7D-83C5-63DFC931425A}.Debug|x86.ActiveCfg = Debug|x86
		{53B3DB05-6F25-4C7D-83C5-63DFC931425A}.Debug|x86.Build.0 = Debug|x86
		{53B3DB05-6F25-4C7D-83C5-63DFC931425A}.Release|Any CPU.ActiveCfg = Release|Any CPU
		{53B3DB05-6F25-4C7D-83C5-63DFC931425A}.Release|Any CPU.Build.0 = Release|Any CPU
		{53B3DB05-6F25-4C7D-83C5-63DFC931425A}.Release|x64.ActiveCfg = Release|x64
		{53B3DB05-6F25-4C7D-83C5-63DFC931425A}.Release|x64.Build.0 = Release|x64
		{53B3DB05-6F25-4C7D-83C5-63DFC931425A}.Release|x86.ActiveCfg = Release|x86
		{53B3DB05-6F25-4C7D-83C5-63DFC931425A}.Release|x86.Build.0 = Release|x86
		{568BFE09-B390-443B-A2CF-B64EAA4EA379}.Debug|Any CPU.ActiveCfg = Debug|Any CPU
		{568BFE09-B390-443B-A2CF-B64EAA4EA379}.Debug|Any CPU.Build.0 = Debug|Any CPU
		{568BFE09-B390-443B-A2CF-B64EAA4EA379}.Debug|x64.ActiveCfg = Debug|x64
		{568BFE09-B390-443B-A2CF-B64EAA4EA379}.Debug|x64.Build.0 = Debug|x64
		{568BFE09-B390-443B-A2CF-B64EAA4EA379}.Debug|x86.ActiveCfg = Debug|x86
		{568BFE09-B390-443B-A2CF-B64EAA4EA379}.Debug|x86.Build.0 = Debug|x86
		{568BFE09-B390-443B-A2CF-B64EAA4EA379}.Release|Any CPU.ActiveCfg = Release|Any CPU
		{568BFE09-B390-443B-A2CF-B64EAA4EA379}.Release|Any CPU.Build.0 = Release|Any CPU
		{568BFE09-B390-443B-A2CF-B64EAA4EA379}.Release|x64.ActiveCfg = Release|x64
		{568BFE09-B390-443B-A2CF-B64EAA4EA379}.Release|x64.Build.0 = Release|x64
		{568BFE09-B390-443B-A2CF-B64EAA4EA379}.Release|x86.ActiveCfg = Release|x86
		{568BFE09-B390-443B-A2CF-B64EAA4EA379}.Release|x86.Build.0 = Release|x86
		{7AAC8BDF-F1A5-4CA3-8355-67F08765BF97}.Debug|Any CPU.ActiveCfg = Debug|Any CPU
		{7AAC8BDF-F1A5-4CA3-8355-67F08765BF97}.Debug|Any CPU.Build.0 = Debug|Any CPU
		{7AAC8BDF-F1A5-4CA3-8355-67F08765BF97}.Debug|x64.ActiveCfg = Debug|x64
		{7AAC8BDF-F1A5-4CA3-8355-67F08765BF97}.Debug|x64.Build.0 = Debug|x64
		{7AAC8BDF-F1A5-4CA3-8355-67F08765BF97}.Debug|x86.ActiveCfg = Debug|x86
		{7AAC8BDF-F1A5-4CA3-8355-67F08765BF97}.Debug|x86.Build.0 = Debug|x86
		{7AAC8BDF-F1A5-4CA3-8355-67F08765BF97}.Release|Any CPU.ActiveCfg = Release|Any CPU
		{7AAC8BDF-F1A5-4CA3-8355-67F08765BF97}.Release|Any CPU.Build.0 = Release|Any CPU
		{7AAC8BDF-F1A5-4CA3-8355-67F08765BF97}.Release|x64.ActiveCfg = Release|x64
		{7AAC8BDF-F1A5-4CA3-8355-67F08765BF97}.Release|x64.Build.0 = Release|x64
		{7AAC8BDF-F1A5-4CA3-8355-67F08765BF97}.Release|x86.ActiveCfg = Release|x86
		{7AAC8BDF-F1A5-4CA3-8355-67F08765BF97}.Release|x86.Build.0 = Release|x86
		{AC0CB754-893F-4E43-90C3-88F2BF0581C8}.Debug|Any CPU.ActiveCfg = Debug|Any CPU
		{AC0CB754-893F-4E43-90C3-88F2BF0581C8}.Debug|Any CPU.Build.0 = Debug|Any CPU
		{AC0CB754-893F-4E43-90C3-88F2BF0581C8}.Debug|x64.ActiveCfg = Debug|x64
		{AC0CB754-893F-4E43-90C3-88F2BF0581C8}.Debug|x64.Build.0 = Debug|x64
		{AC0CB754-893F-4E43-90C3-88F2BF0581C8}.Debug|x86.ActiveCfg = Debug|x86
		{AC0CB754-893F-4E43-90C3-88F2BF0581C8}.Debug|x86.Build.0 = Debug|x86
		{AC0CB754-893F-4E43-90C3-88F2BF0581C8}.Release|Any CPU.ActiveCfg = Release|Any CPU
		{AC0CB754-893F-4E43-90C3-88F2BF0581C8}.Release|Any CPU.Build.0 = Release|Any CPU
		{AC0CB754-893F-4E43-90C3-88F2BF0581C8}.Release|x64.ActiveCfg = Release|x64
		{AC0CB754-893F-4E43-90C3-88F2BF0581C8}.Release|x64.Build.0 = Release|x64
		{AC0CB754-893F-4E43-90C3-88F2BF0581C8}.Release|x86.ActiveCfg = Release|x86
		{AC0CB754-893F-4E43-90C3-88F2BF0581C8}.Release|x86.Build.0 = Release|x86
		{D5E88A83-E2FF-4CE3-96CA-052AB5EC0941}.Debug|Any CPU.ActiveCfg = Debug|Any CPU
		{D5E88A83-E2FF-4CE3-96CA-052AB5EC0941}.Debug|Any CPU.Build.0 = Debug|Any CPU
		{D5E88A83-E2FF-4CE3-96CA-052AB5EC0941}.Debug|x64.ActiveCfg = Debug|x64
		{D5E88A83-E2FF-4CE3-96CA-052AB5EC0941}.Debug|x64.Build.0 = Debug|x64
		{D5E88A83-E2FF-4CE3-96CA-052AB5EC0941}.Debug|x86.ActiveCfg = Debug|x86
		{D5E88A83-E2FF-4CE3-96CA-052AB5EC0941}.Debug|x86.Build.0 = Debug|x86
		{D5E88A83-E2FF-4CE3-96CA-052AB5EC0941}.Release|Any CPU.ActiveCfg = Release|Any CPU
		{D5E88A83-E2FF-4CE3-96CA-052AB5EC0941}.Release|Any CPU.Build.0 = Release|Any CPU
		{D5E88A83-E2FF-4CE3-96CA-052AB5EC0941}.Release|x64.ActiveCfg = Release|x64
		{D5E88A83-E2FF-4CE3-96CA-052AB5EC0941}.Release|x64.Build.0 = Release|x64
		{D5E88A83-E2FF-4CE3-96CA-052AB5EC0941}.Release|x86.ActiveCfg = Release|x86
		{D5E88A83-E2FF-4CE3-96CA-052AB5EC0941}.Release|x86.Build.0 = Release|x86
		{8E207908-1430-4435-B3E8-15E238DE1BDA}.Debug|Any CPU.ActiveCfg = Debug|Any CPU
		{8E207908-1430-4435-B3E8-15E238DE1BDA}.Debug|Any CPU.Build.0 = Debug|Any CPU
		{8E207908-1430-4435-B3E8-15E238DE1BDA}.Debug|x64.ActiveCfg = Debug|x64
		{8E207908-1430-4435-B3E8-15E238DE1BDA}.Debug|x64.Build.0 = Debug|x64
		{8E207908-1430-4435-B3E8-15E238DE1BDA}.Debug|x86.ActiveCfg = Debug|x86
		{8E207908-1430-4435-B3E8-15E238DE1BDA}.Debug|x86.Build.0 = Debug|x86
		{8E207908-1430-4435-B3E8-15E238DE1BDA}.Release|Any CPU.ActiveCfg = Release|Any CPU
		{8E207908-1430-4435-B3E8-15E238DE1BDA}.Release|Any CPU.Build.0 = Release|Any CPU
		{8E207908-1430-4435-B3E8-15E238DE1BDA}.Release|x64.ActiveCfg = Release|x64
		{8E207908-1430-4435-B3E8-15E238DE1BDA}.Release|x64.Build.0 = Release|x64
		{8E207908-1430-4435-B3E8-15E238DE1BDA}.Release|x86.ActiveCfg = Release|x86
		{8E207908-1430-4435-B3E8-15E238DE1BDA}.Release|x86.Build.0 = Release|x86
		{B301D57D-20BC-4559-86E8-43D3C01AD8B7}.Debug|Any CPU.ActiveCfg = Debug|Any CPU
		{B301D57D-20BC-4559-86E8-43D3C01AD8B7}.Debug|Any CPU.Build.0 = Debug|Any CPU
		{B301D57D-20BC-4559-86E8-43D3C01AD8B7}.Debug|x64.ActiveCfg = Debug|x64
		{B301D57D-20BC-4559-86E8-43D3C01AD8B7}.Debug|x64.Build.0 = Debug|x64
		{B301D57D-20BC-4559-86E8-43D3C01AD8B7}.Debug|x86.ActiveCfg = Debug|x86
		{B301D57D-20BC-4559-86E8-43D3C01AD8B7}.Debug|x86.Build.0 = Debug|x86
		{B301D57D-20BC-4559-86E8-43D3C01AD8B7}.Release|Any CPU.ActiveCfg = Release|Any CPU
		{B301D57D-20BC-4559-86E8-43D3C01AD8B7}.Release|Any CPU.Build.0 = Release|Any CPU
		{B301D57D-20BC-4559-86E8-43D3C01AD8B7}.Release|x64.ActiveCfg = Release|x64
		{B301D57D-20BC-4559-86E8-43D3C01AD8B7}.Release|x64.Build.0 = Release|x64
		{B301D57D-20BC-4559-86E8-43D3C01AD8B7}.Release|x86.ActiveCfg = Release|x86
		{B301D57D-20BC-4559-86E8-43D3C01AD8B7}.Release|x86.Build.0 = Release|x86
		{F1B77ED4-51B2-445C-9D58-B9719A4735E6}.Debug|Any CPU.ActiveCfg = Debug|Any CPU
		{F1B77ED4-51B2-445C-9D58-B9719A4735E6}.Debug|Any CPU.Build.0 = Debug|Any CPU
		{F1B77ED4-51B2-445C-9D58-B9719A4735E6}.Debug|x64.ActiveCfg = Debug|x64
		{F1B77ED4-51B2-445C-9D58-B9719A4735E6}.Debug|x64.Build.0 = Debug|x64
		{F1B77ED4-51B2-445C-9D58-B9719A4735E6}.Debug|x86.ActiveCfg = Debug|x86
		{F1B77ED4-51B2-445C-9D58-B9719A4735E6}.Debug|x86.Build.0 = Debug|x86
		{F1B77ED4-51B2-445C-9D58-B9719A4735E6}.Release|Any CPU.ActiveCfg = Release|Any CPU
		{F1B77ED4-51B2-445C-9D58-B9719A4735E6}.Release|Any CPU.Build.0 = Release|Any CPU
		{F1B77ED4-51B2-445C-9D58-B9719A4735E6}.Release|x64.ActiveCfg = Release|x64
		{F1B77ED4-51B2-445C-9D58-B9719A4735E6}.Release|x64.Build.0 = Release|x64
		{F1B77ED4-51B2-445C-9D58-B9719A4735E6}.Release|x86.ActiveCfg = Release|x86
		{F1B77ED4-51B2-445C-9D58-B9719A4735E6}.Release|x86.Build.0 = Release|x86
		{4BA5F719-AB99-4119-8285-E8288D676609}.Debug|Any CPU.ActiveCfg = Debug|Any CPU
		{4BA5F719-AB99-4119-8285-E8288D676609}.Debug|Any CPU.Build.0 = Debug|Any CPU
		{4BA5F719-AB99-4119-8285-E8288D676609}.Debug|x64.ActiveCfg = Debug|x64
		{4BA5F719-AB99-4119-8285-E8288D676609}.Debug|x64.Build.0 = Debug|x64
		{4BA5F719-AB99-4119-8285-E8288D676609}.Debug|x86.ActiveCfg = Debug|x86
		{4BA5F719-AB99-4119-8285-E8288D676609}.Debug|x86.Build.0 = Debug|x86
		{4BA5F719-AB99-4119-8285-E8288D676609}.Release|Any CPU.ActiveCfg = Release|Any CPU
		{4BA5F719-AB99-4119-8285-E8288D676609}.Release|Any CPU.Build.0 = Release|Any CPU
		{4BA5F719-AB99-4119-8285-E8288D676609}.Release|x64.ActiveCfg = Release|x64
		{4BA5F719-AB99-4119-8285-E8288D676609}.Release|x64.Build.0 = Release|x64
		{4BA5F719-AB99-4119-8285-E8288D676609}.Release|x86.ActiveCfg = Release|x86
		{4BA5F719-AB99-4119-8285-E8288D676609}.Release|x86.Build.0 = Release|x86
		{A8DC1EAE-E5F8-419B-A0C1-2B1B6C45F6D6}.Debug|Any CPU.ActiveCfg = Debug|Any CPU
		{A8DC1EAE-E5F8-419B-A0C1-2B1B6C45F6D6}.Debug|Any CPU.Build.0 = Debug|Any CPU
		{A8DC1EAE-E5F8-419B-A0C1-2B1B6C45F6D6}.Debug|x64.ActiveCfg = Debug|x64
		{A8DC1EAE-E5F8-419B-A0C1-2B1B6C45F6D6}.Debug|x64.Build.0 = Debug|x64
		{A8DC1EAE-E5F8-419B-A0C1-2B1B6C45F6D6}.Debug|x86.ActiveCfg = Debug|x86
		{A8DC1EAE-E5F8-419B-A0C1-2B1B6C45F6D6}.Debug|x86.Build.0 = Debug|x86
		{A8DC1EAE-E5F8-419B-A0C1-2B1B6C45F6D6}.Release|Any CPU.ActiveCfg = Release|Any CPU
		{A8DC1EAE-E5F8-419B-A0C1-2B1B6C45F6D6}.Release|Any CPU.Build.0 = Release|Any CPU
		{A8DC1EAE-E5F8-419B-A0C1-2B1B6C45F6D6}.Release|x64.ActiveCfg = Release|x64
		{A8DC1EAE-E5F8-419B-A0C1-2B1B6C45F6D6}.Release|x64.Build.0 = Release|x64
		{A8DC1EAE-E5F8-419B-A0C1-2B1B6C45F6D6}.Release|x86.ActiveCfg = Release|x86
		{A8DC1EAE-E5F8-419B-A0C1-2B1B6C45F6D6}.Release|x86.Build.0 = Release|x86
		{F0132EB7-1A0C-4583-9C5C-D9296B73C59A}.Debug|Any CPU.ActiveCfg = Debug|Any CPU
		{F0132EB7-1A0C-4583-9C5C-D9296B73C59A}.Debug|Any CPU.Build.0 = Debug|Any CPU
		{F0132EB7-1A0C-4583-9C5C-D9296B73C59A}.Debug|x64.ActiveCfg = Debug|x64
		{F0132EB7-1A0C-4583-9C5C-D9296B73C59A}.Debug|x64.Build.0 = Debug|x64
		{F0132EB7-1A0C-4583-9C5C-D9296B73C59A}.Debug|x86.ActiveCfg = Debug|x86
		{F0132EB7-1A0C-4583-9C5C-D9296B73C59A}.Debug|x86.Build.0 = Debug|x86
		{F0132EB7-1A0C-4583-9C5C-D9296B73C59A}.Release|Any CPU.ActiveCfg = Release|Any CPU
		{F0132EB7-1A0C-4583-9C5C-D9296B73C59A}.Release|Any CPU.Build.0 = Release|Any CPU
		{F0132EB7-1A0C-4583-9C5C-D9296B73C59A}.Release|x64.ActiveCfg = Release|x64
		{F0132EB7-1A0C-4583-9C5C-D9296B73C59A}.Release|x64.Build.0 = Release|x64
		{F0132EB7-1A0C-4583-9C5C-D9296B73C59A}.Release|x86.ActiveCfg = Release|x86
		{F0132EB7-1A0C-4583-9C5C-D9296B73C59A}.Release|x86.Build.0 = Release|x86
		{F98BC72C-A3F4-4944-86F7-A323B39E7250}.Debug|Any CPU.ActiveCfg = Debug|Any CPU
		{F98BC72C-A3F4-4944-86F7-A323B39E7250}.Debug|Any CPU.Build.0 = Debug|Any CPU
		{F98BC72C-A3F4-4944-86F7-A323B39E7250}.Debug|x64.ActiveCfg = Debug|x64
		{F98BC72C-A3F4-4944-86F7-A323B39E7250}.Debug|x64.Build.0 = Debug|x64
		{F98BC72C-A3F4-4944-86F7-A323B39E7250}.Debug|x86.ActiveCfg = Debug|x86
		{F98BC72C-A3F4-4944-86F7-A323B39E7250}.Debug|x86.Build.0 = Debug|x86
		{F98BC72C-A3F4-4944-86F7-A323B39E7250}.Release|Any CPU.ActiveCfg = Release|Any CPU
		{F98BC72C-A3F4-4944-86F7-A323B39E7250}.Release|Any CPU.Build.0 = Release|Any CPU
		{F98BC72C-A3F4-4944-86F7-A323B39E7250}.Release|x64.ActiveCfg = Release|x64
		{F98BC72C-A3F4-4944-86F7-A323B39E7250}.Release|x64.Build.0 = Release|x64
		{F98BC72C-A3F4-4944-86F7-A323B39E7250}.Release|x86.ActiveCfg = Release|x86
		{F98BC72C-A3F4-4944-86F7-A323B39E7250}.Release|x86.Build.0 = Release|x86
		{33AACEA3-0D8A-4D9C-B708-D7E335916E65}.Debug|Any CPU.ActiveCfg = Debug|Any CPU
		{33AACEA3-0D8A-4D9C-B708-D7E335916E65}.Debug|Any CPU.Build.0 = Debug|Any CPU
		{33AACEA3-0D8A-4D9C-B708-D7E335916E65}.Debug|x64.ActiveCfg = Debug|x64
		{33AACEA3-0D8A-4D9C-B708-D7E335916E65}.Debug|x64.Build.0 = Debug|x64
		{33AACEA3-0D8A-4D9C-B708-D7E335916E65}.Debug|x86.ActiveCfg = Debug|x86
		{33AACEA3-0D8A-4D9C-B708-D7E335916E65}.Debug|x86.Build.0 = Debug|x86
		{33AACEA3-0D8A-4D9C-B708-D7E335916E65}.Release|Any CPU.ActiveCfg = Release|Any CPU
		{33AACEA3-0D8A-4D9C-B708-D7E335916E65}.Release|Any CPU.Build.0 = Release|Any CPU
		{33AACEA3-0D8A-4D9C-B708-D7E335916E65}.Release|x64.ActiveCfg = Release|x64
		{33AACEA3-0D8A-4D9C-B708-D7E335916E65}.Release|x64.Build.0 = Release|x64
		{33AACEA3-0D8A-4D9C-B708-D7E335916E65}.Release|x86.ActiveCfg = Release|x86
		{33AACEA3-0D8A-4D9C-B708-D7E335916E65}.Release|x86.Build.0 = Release|x86
		{DAC58064-F879-4D96-82C6-2EB806E866FF}.Debug|Any CPU.ActiveCfg = Debug|Any CPU
		{DAC58064-F879-4D96-82C6-2EB806E866FF}.Debug|Any CPU.Build.0 = Debug|Any CPU
		{DAC58064-F879-4D96-82C6-2EB806E866FF}.Debug|x64.ActiveCfg = Debug|x64
		{DAC58064-F879-4D96-82C6-2EB806E866FF}.Debug|x64.Build.0 = Debug|x64
		{DAC58064-F879-4D96-82C6-2EB806E866FF}.Debug|x86.ActiveCfg = Debug|x86
		{DAC58064-F879-4D96-82C6-2EB806E866FF}.Debug|x86.Build.0 = Debug|x86
		{DAC58064-F879-4D96-82C6-2EB806E866FF}.Release|Any CPU.ActiveCfg = Release|Any CPU
		{DAC58064-F879-4D96-82C6-2EB806E866FF}.Release|Any CPU.Build.0 = Release|Any CPU
		{DAC58064-F879-4D96-82C6-2EB806E866FF}.Release|x64.ActiveCfg = Release|x64
		{DAC58064-F879-4D96-82C6-2EB806E866FF}.Release|x64.Build.0 = Release|x64
		{DAC58064-F879-4D96-82C6-2EB806E866FF}.Release|x86.ActiveCfg = Release|x86
		{DAC58064-F879-4D96-82C6-2EB806E866FF}.Release|x86.Build.0 = Release|x86
		{F6967AD7-E0E8-4DAB-A304-FF501BAE444B}.Debug|Any CPU.ActiveCfg = Debug|Any CPU
		{F6967AD7-E0E8-4DAB-A304-FF501BAE444B}.Debug|Any CPU.Build.0 = Debug|Any CPU
		{F6967AD7-E0E8-4DAB-A304-FF501BAE444B}.Debug|x64.ActiveCfg = Debug|x64
		{F6967AD7-E0E8-4DAB-A304-FF501BAE444B}.Debug|x64.Build.0 = Debug|x64
		{F6967AD7-E0E8-4DAB-A304-FF501BAE444B}.Debug|x86.ActiveCfg = Debug|x86
		{F6967AD7-E0E8-4DAB-A304-FF501BAE444B}.Debug|x86.Build.0 = Debug|x86
		{F6967AD7-E0E8-4DAB-A304-FF501BAE444B}.Release|Any CPU.ActiveCfg = Release|Any CPU
		{F6967AD7-E0E8-4DAB-A304-FF501BAE444B}.Release|Any CPU.Build.0 = Release|Any CPU
		{F6967AD7-E0E8-4DAB-A304-FF501BAE444B}.Release|x64.ActiveCfg = Release|x64
		{F6967AD7-E0E8-4DAB-A304-FF501BAE444B}.Release|x64.Build.0 = Release|x64
		{F6967AD7-E0E8-4DAB-A304-FF501BAE444B}.Release|x86.ActiveCfg = Release|x86
		{F6967AD7-E0E8-4DAB-A304-FF501BAE444B}.Release|x86.Build.0 = Release|x86
		{8E02F79B-55A9-408E-81AA-1E7AC63C04B2}.Debug|Any CPU.ActiveCfg = Debug|Any CPU
		{8E02F79B-55A9-408E-81AA-1E7AC63C04B2}.Debug|Any CPU.Build.0 = Debug|Any CPU
		{8E02F79B-55A9-408E-81AA-1E7AC63C04B2}.Debug|x64.ActiveCfg = Debug|x64
		{8E02F79B-55A9-408E-81AA-1E7AC63C04B2}.Debug|x64.Build.0 = Debug|x64
		{8E02F79B-55A9-408E-81AA-1E7AC63C04B2}.Debug|x86.ActiveCfg = Debug|x86
		{8E02F79B-55A9-408E-81AA-1E7AC63C04B2}.Debug|x86.Build.0 = Debug|x86
		{8E02F79B-55A9-408E-81AA-1E7AC63C04B2}.Release|Any CPU.ActiveCfg = Release|Any CPU
		{8E02F79B-55A9-408E-81AA-1E7AC63C04B2}.Release|Any CPU.Build.0 = Release|Any CPU
		{8E02F79B-55A9-408E-81AA-1E7AC63C04B2}.Release|x64.ActiveCfg = Release|x64
		{8E02F79B-55A9-408E-81AA-1E7AC63C04B2}.Release|x64.Build.0 = Release|x64
		{8E02F79B-55A9-408E-81AA-1E7AC63C04B2}.Release|x86.ActiveCfg = Release|x86
		{8E02F79B-55A9-408E-81AA-1E7AC63C04B2}.Release|x86.Build.0 = Release|x86
		{8A394688-0BE4-46FB-B5D4-53F7B249491F}.Debug|Any CPU.ActiveCfg = Debug|Any CPU
		{8A394688-0BE4-46FB-B5D4-53F7B249491F}.Debug|Any CPU.Build.0 = Debug|Any CPU
		{8A394688-0BE4-46FB-B5D4-53F7B249491F}.Debug|x64.ActiveCfg = Debug|x64
		{8A394688-0BE4-46FB-B5D4-53F7B249491F}.Debug|x64.Build.0 = Debug|x64
		{8A394688-0BE4-46FB-B5D4-53F7B249491F}.Debug|x86.ActiveCfg = Debug|x86
		{8A394688-0BE4-46FB-B5D4-53F7B249491F}.Debug|x86.Build.0 = Debug|x86
		{8A394688-0BE4-46FB-B5D4-53F7B249491F}.Release|Any CPU.ActiveCfg = Release|Any CPU
		{8A394688-0BE4-46FB-B5D4-53F7B249491F}.Release|Any CPU.Build.0 = Release|Any CPU
		{8A394688-0BE4-46FB-B5D4-53F7B249491F}.Release|x64.ActiveCfg = Release|x64
		{8A394688-0BE4-46FB-B5D4-53F7B249491F}.Release|x64.Build.0 = Release|x64
		{8A394688-0BE4-46FB-B5D4-53F7B249491F}.Release|x86.ActiveCfg = Release|x86
		{8A394688-0BE4-46FB-B5D4-53F7B249491F}.Release|x86.Build.0 = Release|x86
		{405CAA6B-81E3-4D0A-9414-640B0D7F9C79}.Debug|Any CPU.ActiveCfg = Debug|Any CPU
		{405CAA6B-81E3-4D0A-9414-640B0D7F9C79}.Debug|Any CPU.Build.0 = Debug|Any CPU
		{405CAA6B-81E3-4D0A-9414-640B0D7F9C79}.Debug|x64.ActiveCfg = Debug|x64
		{405CAA6B-81E3-4D0A-9414-640B0D7F9C79}.Debug|x64.Build.0 = Debug|x64
		{405CAA6B-81E3-4D0A-9414-640B0D7F9C79}.Debug|x86.ActiveCfg = Debug|x86
		{405CAA6B-81E3-4D0A-9414-640B0D7F9C79}.Debug|x86.Build.0 = Debug|x86
		{405CAA6B-81E3-4D0A-9414-640B0D7F9C79}.Release|Any CPU.ActiveCfg = Release|Any CPU
		{405CAA6B-81E3-4D0A-9414-640B0D7F9C79}.Release|Any CPU.Build.0 = Release|Any CPU
		{405CAA6B-81E3-4D0A-9414-640B0D7F9C79}.Release|x64.ActiveCfg = Release|x64
		{405CAA6B-81E3-4D0A-9414-640B0D7F9C79}.Release|x64.Build.0 = Release|x64
		{405CAA6B-81E3-4D0A-9414-640B0D7F9C79}.Release|x86.ActiveCfg = Release|x86
		{405CAA6B-81E3-4D0A-9414-640B0D7F9C79}.Release|x86.Build.0 = Release|x86
		{6EDB2B01-9207-44B8-B51A-66178B8C83DD}.Debug|Any CPU.ActiveCfg = Debug|Any CPU
		{6EDB2B01-9207-44B8-B51A-66178B8C83DD}.Debug|Any CPU.Build.0 = Debug|Any CPU
		{6EDB2B01-9207-44B8-B51A-66178B8C83DD}.Debug|x64.ActiveCfg = Debug|x64
		{6EDB2B01-9207-44B8-B51A-66178B8C83DD}.Debug|x64.Build.0 = Debug|x64
		{6EDB2B01-9207-44B8-B51A-66178B8C83DD}.Debug|x86.ActiveCfg = Debug|x86
		{6EDB2B01-9207-44B8-B51A-66178B8C83DD}.Debug|x86.Build.0 = Debug|x86
		{6EDB2B01-9207-44B8-B51A-66178B8C83DD}.Release|Any CPU.ActiveCfg = Release|Any CPU
		{6EDB2B01-9207-44B8-B51A-66178B8C83DD}.Release|Any CPU.Build.0 = Release|Any CPU
		{6EDB2B01-9207-44B8-B51A-66178B8C83DD}.Release|x64.ActiveCfg = Release|x64
		{6EDB2B01-9207-44B8-B51A-66178B8C83DD}.Release|x64.Build.0 = Release|x64
		{6EDB2B01-9207-44B8-B51A-66178B8C83DD}.Release|x86.ActiveCfg = Release|x86
		{6EDB2B01-9207-44B8-B51A-66178B8C83DD}.Release|x86.Build.0 = Release|x86
		{CFBC7308-57F9-4425-A3DE-B36C6F361480}.Debug|Any CPU.ActiveCfg = Debug|Any CPU
		{CFBC7308-57F9-4425-A3DE-B36C6F361480}.Debug|Any CPU.Build.0 = Debug|Any CPU
		{CFBC7308-57F9-4425-A3DE-B36C6F361480}.Debug|x64.ActiveCfg = Debug|x64
		{CFBC7308-57F9-4425-A3DE-B36C6F361480}.Debug|x64.Build.0 = Debug|x64
		{CFBC7308-57F9-4425-A3DE-B36C6F361480}.Debug|x86.ActiveCfg = Debug|x86
		{CFBC7308-57F9-4425-A3DE-B36C6F361480}.Debug|x86.Build.0 = Debug|x86
		{CFBC7308-57F9-4425-A3DE-B36C6F361480}.Release|Any CPU.ActiveCfg = Release|Any CPU
		{CFBC7308-57F9-4425-A3DE-B36C6F361480}.Release|Any CPU.Build.0 = Release|Any CPU
		{CFBC7308-57F9-4425-A3DE-B36C6F361480}.Release|x64.ActiveCfg = Release|x64
		{CFBC7308-57F9-4425-A3DE-B36C6F361480}.Release|x64.Build.0 = Release|x64
		{CFBC7308-57F9-4425-A3DE-B36C6F361480}.Release|x86.ActiveCfg = Release|x86
		{CFBC7308-57F9-4425-A3DE-B36C6F361480}.Release|x86.Build.0 = Release|x86
		{D8BA8616-7F5B-4246-8DA8-0383B759AF1A}.Debug|Any CPU.ActiveCfg = Debug|Any CPU
		{D8BA8616-7F5B-4246-8DA8-0383B759AF1A}.Debug|Any CPU.Build.0 = Debug|Any CPU
		{D8BA8616-7F5B-4246-8DA8-0383B759AF1A}.Debug|x64.ActiveCfg = Debug|x64
		{D8BA8616-7F5B-4246-8DA8-0383B759AF1A}.Debug|x64.Build.0 = Debug|x64
		{D8BA8616-7F5B-4246-8DA8-0383B759AF1A}.Debug|x86.ActiveCfg = Debug|x86
		{D8BA8616-7F5B-4246-8DA8-0383B759AF1A}.Debug|x86.Build.0 = Debug|x86
		{D8BA8616-7F5B-4246-8DA8-0383B759AF1A}.Release|Any CPU.ActiveCfg = Release|Any CPU
		{D8BA8616-7F5B-4246-8DA8-0383B759AF1A}.Release|Any CPU.Build.0 = Release|Any CPU
		{D8BA8616-7F5B-4246-8DA8-0383B759AF1A}.Release|x64.ActiveCfg = Release|x64
		{D8BA8616-7F5B-4246-8DA8-0383B759AF1A}.Release|x64.Build.0 = Release|x64
		{D8BA8616-7F5B-4246-8DA8-0383B759AF1A}.Release|x86.ActiveCfg = Release|x86
		{D8BA8616-7F5B-4246-8DA8-0383B759AF1A}.Release|x86.Build.0 = Release|x86
		{6F598372-56E4-4F8B-B6BD-11B82FC013FF}.Debug|Any CPU.ActiveCfg = Debug|Any CPU
		{6F598372-56E4-4F8B-B6BD-11B82FC013FF}.Debug|Any CPU.Build.0 = Debug|Any CPU
		{6F598372-56E4-4F8B-B6BD-11B82FC013FF}.Debug|x64.ActiveCfg = Debug|x64
		{6F598372-56E4-4F8B-B6BD-11B82FC013FF}.Debug|x64.Build.0 = Debug|x64
		{6F598372-56E4-4F8B-B6BD-11B82FC013FF}.Debug|x86.ActiveCfg = Debug|x86
		{6F598372-56E4-4F8B-B6BD-11B82FC013FF}.Debug|x86.Build.0 = Debug|x86
		{6F598372-56E4-4F8B-B6BD-11B82FC013FF}.Release|Any CPU.ActiveCfg = Release|Any CPU
		{6F598372-56E4-4F8B-B6BD-11B82FC013FF}.Release|Any CPU.Build.0 = Release|Any CPU
		{6F598372-56E4-4F8B-B6BD-11B82FC013FF}.Release|x64.ActiveCfg = Release|x64
		{6F598372-56E4-4F8B-B6BD-11B82FC013FF}.Release|x64.Build.0 = Release|x64
		{6F598372-56E4-4F8B-B6BD-11B82FC013FF}.Release|x86.ActiveCfg = Release|x86
		{6F598372-56E4-4F8B-B6BD-11B82FC013FF}.Release|x86.Build.0 = Release|x86
		{318FCD77-ADCB-4446-8145-5EA0F7331ED8}.Debug|Any CPU.ActiveCfg = Debug|Any CPU
		{318FCD77-ADCB-4446-8145-5EA0F7331ED8}.Debug|Any CPU.Build.0 = Debug|Any CPU
		{318FCD77-ADCB-4446-8145-5EA0F7331ED8}.Debug|x64.ActiveCfg = Debug|x64
		{318FCD77-ADCB-4446-8145-5EA0F7331ED8}.Debug|x64.Build.0 = Debug|x64
		{318FCD77-ADCB-4446-8145-5EA0F7331ED8}.Debug|x86.ActiveCfg = Debug|x86
		{318FCD77-ADCB-4446-8145-5EA0F7331ED8}.Debug|x86.Build.0 = Debug|x86
		{318FCD77-ADCB-4446-8145-5EA0F7331ED8}.Release|Any CPU.ActiveCfg = Release|Any CPU
		{318FCD77-ADCB-4446-8145-5EA0F7331ED8}.Release|Any CPU.Build.0 = Release|Any CPU
		{318FCD77-ADCB-4446-8145-5EA0F7331ED8}.Release|x64.ActiveCfg = Release|x64
		{318FCD77-ADCB-4446-8145-5EA0F7331ED8}.Release|x64.Build.0 = Release|x64
		{318FCD77-ADCB-4446-8145-5EA0F7331ED8}.Release|x86.ActiveCfg = Release|x86
		{318FCD77-ADCB-4446-8145-5EA0F7331ED8}.Release|x86.Build.0 = Release|x86
		{4E41BC5E-EAF6-4AF1-A1FB-CB246ABC4EF9}.Debug|Any CPU.ActiveCfg = Debug|Any CPU
		{4E41BC5E-EAF6-4AF1-A1FB-CB246ABC4EF9}.Debug|Any CPU.Build.0 = Debug|Any CPU
		{4E41BC5E-EAF6-4AF1-A1FB-CB246ABC4EF9}.Debug|x64.ActiveCfg = Debug|x64
		{4E41BC5E-EAF6-4AF1-A1FB-CB246ABC4EF9}.Debug|x64.Build.0 = Debug|x64
		{4E41BC5E-EAF6-4AF1-A1FB-CB246ABC4EF9}.Debug|x86.ActiveCfg = Debug|x86
		{4E41BC5E-EAF6-4AF1-A1FB-CB246ABC4EF9}.Debug|x86.Build.0 = Debug|x86
		{4E41BC5E-EAF6-4AF1-A1FB-CB246ABC4EF9}.Release|Any CPU.ActiveCfg = Release|Any CPU
		{4E41BC5E-EAF6-4AF1-A1FB-CB246ABC4EF9}.Release|Any CPU.Build.0 = Release|Any CPU
		{4E41BC5E-EAF6-4AF1-A1FB-CB246ABC4EF9}.Release|x64.ActiveCfg = Release|x64
		{4E41BC5E-EAF6-4AF1-A1FB-CB246ABC4EF9}.Release|x64.Build.0 = Release|x64
		{4E41BC5E-EAF6-4AF1-A1FB-CB246ABC4EF9}.Release|x86.ActiveCfg = Release|x86
		{4E41BC5E-EAF6-4AF1-A1FB-CB246ABC4EF9}.Release|x86.Build.0 = Release|x86
		{EEB96C16-7391-4BF4-9B6D-1D90707E3480}.Debug|Any CPU.ActiveCfg = Debug|Any CPU
		{EEB96C16-7391-4BF4-9B6D-1D90707E3480}.Debug|Any CPU.Build.0 = Debug|Any CPU
		{EEB96C16-7391-4BF4-9B6D-1D90707E3480}.Debug|x64.ActiveCfg = Debug|x64
		{EEB96C16-7391-4BF4-9B6D-1D90707E3480}.Debug|x64.Build.0 = Debug|x64
		{EEB96C16-7391-4BF4-9B6D-1D90707E3480}.Debug|x86.ActiveCfg = Debug|x86
		{EEB96C16-7391-4BF4-9B6D-1D90707E3480}.Debug|x86.Build.0 = Debug|x86
		{EEB96C16-7391-4BF4-9B6D-1D90707E3480}.Release|Any CPU.ActiveCfg = Release|Any CPU
		{EEB96C16-7391-4BF4-9B6D-1D90707E3480}.Release|Any CPU.Build.0 = Release|Any CPU
		{EEB96C16-7391-4BF4-9B6D-1D90707E3480}.Release|x64.ActiveCfg = Release|x64
		{EEB96C16-7391-4BF4-9B6D-1D90707E3480}.Release|x64.Build.0 = Release|x64
		{EEB96C16-7391-4BF4-9B6D-1D90707E3480}.Release|x86.ActiveCfg = Release|x86
		{EEB96C16-7391-4BF4-9B6D-1D90707E3480}.Release|x86.Build.0 = Release|x86
		{DFD3373A-FB54-4137-91A6-8F21E8AF7F49}.Debug|Any CPU.ActiveCfg = Debug|Any CPU
		{DFD3373A-FB54-4137-91A6-8F21E8AF7F49}.Debug|Any CPU.Build.0 = Debug|Any CPU
		{DFD3373A-FB54-4137-91A6-8F21E8AF7F49}.Debug|x64.ActiveCfg = Debug|x64
		{DFD3373A-FB54-4137-91A6-8F21E8AF7F49}.Debug|x64.Build.0 = Debug|x64
		{DFD3373A-FB54-4137-91A6-8F21E8AF7F49}.Debug|x86.ActiveCfg = Debug|x86
		{DFD3373A-FB54-4137-91A6-8F21E8AF7F49}.Debug|x86.Build.0 = Debug|x86
		{DFD3373A-FB54-4137-91A6-8F21E8AF7F49}.Release|Any CPU.ActiveCfg = Release|Any CPU
		{DFD3373A-FB54-4137-91A6-8F21E8AF7F49}.Release|Any CPU.Build.0 = Release|Any CPU
		{DFD3373A-FB54-4137-91A6-8F21E8AF7F49}.Release|x64.ActiveCfg = Release|x64
		{DFD3373A-FB54-4137-91A6-8F21E8AF7F49}.Release|x64.Build.0 = Release|x64
		{DFD3373A-FB54-4137-91A6-8F21E8AF7F49}.Release|x86.ActiveCfg = Release|x86
		{DFD3373A-FB54-4137-91A6-8F21E8AF7F49}.Release|x86.Build.0 = Release|x86
		{916D17BA-600E-4D19-BFFB-68ECB01F4A27}.Debug|Any CPU.ActiveCfg = Debug|Any CPU
		{916D17BA-600E-4D19-BFFB-68ECB01F4A27}.Debug|Any CPU.Build.0 = Debug|Any CPU
		{916D17BA-600E-4D19-BFFB-68ECB01F4A27}.Debug|x64.ActiveCfg = Debug|x64
		{916D17BA-600E-4D19-BFFB-68ECB01F4A27}.Debug|x64.Build.0 = Debug|x64
		{916D17BA-600E-4D19-BFFB-68ECB01F4A27}.Debug|x86.ActiveCfg = Debug|x86
		{916D17BA-600E-4D19-BFFB-68ECB01F4A27}.Debug|x86.Build.0 = Debug|x86
		{916D17BA-600E-4D19-BFFB-68ECB01F4A27}.Release|Any CPU.ActiveCfg = Release|Any CPU
		{916D17BA-600E-4D19-BFFB-68ECB01F4A27}.Release|Any CPU.Build.0 = Release|Any CPU
		{916D17BA-600E-4D19-BFFB-68ECB01F4A27}.Release|x64.ActiveCfg = Release|x64
		{916D17BA-600E-4D19-BFFB-68ECB01F4A27}.Release|x64.Build.0 = Release|x64
		{916D17BA-600E-4D19-BFFB-68ECB01F4A27}.Release|x86.ActiveCfg = Release|x86
		{916D17BA-600E-4D19-BFFB-68ECB01F4A27}.Release|x86.Build.0 = Release|x86
		{C4199AB1-FC37-463F-B162-E8B8BE4775D6}.Debug|Any CPU.ActiveCfg = Debug|Any CPU
		{C4199AB1-FC37-463F-B162-E8B8BE4775D6}.Debug|Any CPU.Build.0 = Debug|Any CPU
		{C4199AB1-FC37-463F-B162-E8B8BE4775D6}.Debug|x64.ActiveCfg = Debug|x64
		{C4199AB1-FC37-463F-B162-E8B8BE4775D6}.Debug|x64.Build.0 = Debug|x64
		{C4199AB1-FC37-463F-B162-E8B8BE4775D6}.Debug|x86.ActiveCfg = Debug|x86
		{C4199AB1-FC37-463F-B162-E8B8BE4775D6}.Debug|x86.Build.0 = Debug|x86
		{C4199AB1-FC37-463F-B162-E8B8BE4775D6}.Release|Any CPU.ActiveCfg = Release|Any CPU
		{C4199AB1-FC37-463F-B162-E8B8BE4775D6}.Release|Any CPU.Build.0 = Release|Any CPU
		{C4199AB1-FC37-463F-B162-E8B8BE4775D6}.Release|x64.ActiveCfg = Release|x64
		{C4199AB1-FC37-463F-B162-E8B8BE4775D6}.Release|x64.Build.0 = Release|x64
		{C4199AB1-FC37-463F-B162-E8B8BE4775D6}.Release|x86.ActiveCfg = Release|x86
		{C4199AB1-FC37-463F-B162-E8B8BE4775D6}.Release|x86.Build.0 = Release|x86
		{325D461C-BA74-471B-ABF2-3EDBA88EB664}.Debug|Any CPU.ActiveCfg = Debug|Any CPU
		{325D461C-BA74-471B-ABF2-3EDBA88EB664}.Debug|Any CPU.Build.0 = Debug|Any CPU
		{325D461C-BA74-471B-ABF2-3EDBA88EB664}.Debug|x64.ActiveCfg = Debug|x64
		{325D461C-BA74-471B-ABF2-3EDBA88EB664}.Debug|x64.Build.0 = Debug|x64
		{325D461C-BA74-471B-ABF2-3EDBA88EB664}.Debug|x86.ActiveCfg = Debug|x86
		{325D461C-BA74-471B-ABF2-3EDBA88EB664}.Debug|x86.Build.0 = Debug|x86
		{325D461C-BA74-471B-ABF2-3EDBA88EB664}.Release|Any CPU.ActiveCfg = Release|Any CPU
		{325D461C-BA74-471B-ABF2-3EDBA88EB664}.Release|Any CPU.Build.0 = Release|Any CPU
		{325D461C-BA74-471B-ABF2-3EDBA88EB664}.Release|x64.ActiveCfg = Release|x64
		{325D461C-BA74-471B-ABF2-3EDBA88EB664}.Release|x64.Build.0 = Release|x64
		{325D461C-BA74-471B-ABF2-3EDBA88EB664}.Release|x86.ActiveCfg = Release|x86
		{325D461C-BA74-471B-ABF2-3EDBA88EB664}.Release|x86.Build.0 = Release|x86
		{67FABBE7-088C-449D-AC87-769C32E71716}.Debug|Any CPU.ActiveCfg = Debug|Any CPU
		{67FABBE7-088C-449D-AC87-769C32E71716}.Debug|Any CPU.Build.0 = Debug|Any CPU
		{67FABBE7-088C-449D-AC87-769C32E71716}.Debug|x64.ActiveCfg = Debug|x64
		{67FABBE7-088C-449D-AC87-769C32E71716}.Debug|x64.Build.0 = Debug|x64
		{67FABBE7-088C-449D-AC87-769C32E71716}.Debug|x86.ActiveCfg = Debug|x86
		{67FABBE7-088C-449D-AC87-769C32E71716}.Debug|x86.Build.0 = Debug|x86
		{67FABBE7-088C-449D-AC87-769C32E71716}.Release|Any CPU.ActiveCfg = Release|Any CPU
		{67FABBE7-088C-449D-AC87-769C32E71716}.Release|Any CPU.Build.0 = Release|Any CPU
		{67FABBE7-088C-449D-AC87-769C32E71716}.Release|x64.ActiveCfg = Release|x64
		{67FABBE7-088C-449D-AC87-769C32E71716}.Release|x64.Build.0 = Release|x64
		{67FABBE7-088C-449D-AC87-769C32E71716}.Release|x86.ActiveCfg = Release|x86
		{67FABBE7-088C-449D-AC87-769C32E71716}.Release|x86.Build.0 = Release|x86
		{6BE7AF06-6464-46EF-A829-12823242502B}.Debug|Any CPU.ActiveCfg = Debug|Any CPU
		{6BE7AF06-6464-46EF-A829-12823242502B}.Debug|Any CPU.Build.0 = Debug|Any CPU
		{6BE7AF06-6464-46EF-A829-12823242502B}.Debug|x64.ActiveCfg = Debug|x64
		{6BE7AF06-6464-46EF-A829-12823242502B}.Debug|x64.Build.0 = Debug|x64
		{6BE7AF06-6464-46EF-A829-12823242502B}.Debug|x86.ActiveCfg = Debug|x86
		{6BE7AF06-6464-46EF-A829-12823242502B}.Debug|x86.Build.0 = Debug|x86
		{6BE7AF06-6464-46EF-A829-12823242502B}.Release|Any CPU.ActiveCfg = Release|Any CPU
		{6BE7AF06-6464-46EF-A829-12823242502B}.Release|Any CPU.Build.0 = Release|Any CPU
		{6BE7AF06-6464-46EF-A829-12823242502B}.Release|x64.ActiveCfg = Release|x64
		{6BE7AF06-6464-46EF-A829-12823242502B}.Release|x64.Build.0 = Release|x64
		{6BE7AF06-6464-46EF-A829-12823242502B}.Release|x86.ActiveCfg = Release|x86
		{6BE7AF06-6464-46EF-A829-12823242502B}.Release|x86.Build.0 = Release|x86
		{2316F7DC-5094-4D07-9BB8-E4F8B24C5131}.Debug|Any CPU.ActiveCfg = Debug|Any CPU
		{2316F7DC-5094-4D07-9BB8-E4F8B24C5131}.Debug|Any CPU.Build.0 = Debug|Any CPU
		{2316F7DC-5094-4D07-9BB8-E4F8B24C5131}.Debug|x64.ActiveCfg = Debug|x64
		{2316F7DC-5094-4D07-9BB8-E4F8B24C5131}.Debug|x64.Build.0 = Debug|x64
		{2316F7DC-5094-4D07-9BB8-E4F8B24C5131}.Debug|x86.ActiveCfg = Debug|x86
		{2316F7DC-5094-4D07-9BB8-E4F8B24C5131}.Debug|x86.Build.0 = Debug|x86
		{2316F7DC-5094-4D07-9BB8-E4F8B24C5131}.Release|Any CPU.ActiveCfg = Release|Any CPU
		{2316F7DC-5094-4D07-9BB8-E4F8B24C5131}.Release|Any CPU.Build.0 = Release|Any CPU
		{2316F7DC-5094-4D07-9BB8-E4F8B24C5131}.Release|x64.ActiveCfg = Release|x64
		{2316F7DC-5094-4D07-9BB8-E4F8B24C5131}.Release|x64.Build.0 = Release|x64
		{2316F7DC-5094-4D07-9BB8-E4F8B24C5131}.Release|x86.ActiveCfg = Release|x86
		{2316F7DC-5094-4D07-9BB8-E4F8B24C5131}.Release|x86.Build.0 = Release|x86
		{D6D537C2-67DE-497F-8B43-ABB426251493}.Debug|Any CPU.ActiveCfg = Debug|Any CPU
		{D6D537C2-67DE-497F-8B43-ABB426251493}.Debug|Any CPU.Build.0 = Debug|Any CPU
		{D6D537C2-67DE-497F-8B43-ABB426251493}.Debug|x64.ActiveCfg = Debug|x64
		{D6D537C2-67DE-497F-8B43-ABB426251493}.Debug|x64.Build.0 = Debug|x64
		{D6D537C2-67DE-497F-8B43-ABB426251493}.Debug|x86.ActiveCfg = Debug|x86
		{D6D537C2-67DE-497F-8B43-ABB426251493}.Debug|x86.Build.0 = Debug|x86
		{D6D537C2-67DE-497F-8B43-ABB426251493}.Release|Any CPU.ActiveCfg = Release|Any CPU
		{D6D537C2-67DE-497F-8B43-ABB426251493}.Release|Any CPU.Build.0 = Release|Any CPU
		{D6D537C2-67DE-497F-8B43-ABB426251493}.Release|x64.ActiveCfg = Release|x64
		{D6D537C2-67DE-497F-8B43-ABB426251493}.Release|x64.Build.0 = Release|x64
		{D6D537C2-67DE-497F-8B43-ABB426251493}.Release|x86.ActiveCfg = Release|x86
		{D6D537C2-67DE-497F-8B43-ABB426251493}.Release|x86.Build.0 = Release|x86
		{6B511B4C-6F8B-48FC-91EB-B7C8D5611FDB}.Debug|Any CPU.ActiveCfg = Debug|Any CPU
		{6B511B4C-6F8B-48FC-91EB-B7C8D5611FDB}.Debug|Any CPU.Build.0 = Debug|Any CPU
		{6B511B4C-6F8B-48FC-91EB-B7C8D5611FDB}.Debug|x64.ActiveCfg = Debug|x64
		{6B511B4C-6F8B-48FC-91EB-B7C8D5611FDB}.Debug|x64.Build.0 = Debug|x64
		{6B511B4C-6F8B-48FC-91EB-B7C8D5611FDB}.Debug|x86.ActiveCfg = Debug|x86
		{6B511B4C-6F8B-48FC-91EB-B7C8D5611FDB}.Debug|x86.Build.0 = Debug|x86
		{6B511B4C-6F8B-48FC-91EB-B7C8D5611FDB}.Release|Any CPU.ActiveCfg = Release|Any CPU
		{6B511B4C-6F8B-48FC-91EB-B7C8D5611FDB}.Release|Any CPU.Build.0 = Release|Any CPU
		{6B511B4C-6F8B-48FC-91EB-B7C8D5611FDB}.Release|x64.ActiveCfg = Release|x64
		{6B511B4C-6F8B-48FC-91EB-B7C8D5611FDB}.Release|x64.Build.0 = Release|x64
		{6B511B4C-6F8B-48FC-91EB-B7C8D5611FDB}.Release|x86.ActiveCfg = Release|x86
		{6B511B4C-6F8B-48FC-91EB-B7C8D5611FDB}.Release|x86.Build.0 = Release|x86
		{F1448975-4E8B-4A3F-9DAB-A482D88BF629}.Debug|Any CPU.ActiveCfg = Debug|Any CPU
		{F1448975-4E8B-4A3F-9DAB-A482D88BF629}.Debug|Any CPU.Build.0 = Debug|Any CPU
		{F1448975-4E8B-4A3F-9DAB-A482D88BF629}.Debug|x64.ActiveCfg = Debug|x64
		{F1448975-4E8B-4A3F-9DAB-A482D88BF629}.Debug|x64.Build.0 = Debug|x64
		{F1448975-4E8B-4A3F-9DAB-A482D88BF629}.Debug|x86.ActiveCfg = Debug|x86
		{F1448975-4E8B-4A3F-9DAB-A482D88BF629}.Debug|x86.Build.0 = Debug|x86
		{F1448975-4E8B-4A3F-9DAB-A482D88BF629}.Release|Any CPU.ActiveCfg = Release|Any CPU
		{F1448975-4E8B-4A3F-9DAB-A482D88BF629}.Release|Any CPU.Build.0 = Release|Any CPU
		{F1448975-4E8B-4A3F-9DAB-A482D88BF629}.Release|x64.ActiveCfg = Release|x64
		{F1448975-4E8B-4A3F-9DAB-A482D88BF629}.Release|x64.Build.0 = Release|x64
		{F1448975-4E8B-4A3F-9DAB-A482D88BF629}.Release|x86.ActiveCfg = Release|x86
		{F1448975-4E8B-4A3F-9DAB-A482D88BF629}.Release|x86.Build.0 = Release|x86
		{94E76FCF-1EEA-4E20-B02D-03160775DF15}.Debug|Any CPU.ActiveCfg = Debug|Any CPU
		{94E76FCF-1EEA-4E20-B02D-03160775DF15}.Debug|Any CPU.Build.0 = Debug|Any CPU
		{94E76FCF-1EEA-4E20-B02D-03160775DF15}.Debug|x64.ActiveCfg = Debug|x64
		{94E76FCF-1EEA-4E20-B02D-03160775DF15}.Debug|x64.Build.0 = Debug|x64
		{94E76FCF-1EEA-4E20-B02D-03160775DF15}.Debug|x86.ActiveCfg = Debug|x86
		{94E76FCF-1EEA-4E20-B02D-03160775DF15}.Debug|x86.Build.0 = Debug|x86
		{94E76FCF-1EEA-4E20-B02D-03160775DF15}.Release|Any CPU.ActiveCfg = Release|Any CPU
		{94E76FCF-1EEA-4E20-B02D-03160775DF15}.Release|Any CPU.Build.0 = Release|Any CPU
		{94E76FCF-1EEA-4E20-B02D-03160775DF15}.Release|x64.ActiveCfg = Release|x64
		{94E76FCF-1EEA-4E20-B02D-03160775DF15}.Release|x64.Build.0 = Release|x64
		{94E76FCF-1EEA-4E20-B02D-03160775DF15}.Release|x86.ActiveCfg = Release|x86
		{94E76FCF-1EEA-4E20-B02D-03160775DF15}.Release|x86.Build.0 = Release|x86
		{8E6FC41B-445B-4987-BC09-46C3FAEF70F9}.Debug|Any CPU.ActiveCfg = Debug|Any CPU
		{8E6FC41B-445B-4987-BC09-46C3FAEF70F9}.Debug|Any CPU.Build.0 = Debug|Any CPU
		{8E6FC41B-445B-4987-BC09-46C3FAEF70F9}.Debug|x64.ActiveCfg = Debug|x64
		{8E6FC41B-445B-4987-BC09-46C3FAEF70F9}.Debug|x64.Build.0 = Debug|x64
		{8E6FC41B-445B-4987-BC09-46C3FAEF70F9}.Debug|x86.ActiveCfg = Debug|x86
		{8E6FC41B-445B-4987-BC09-46C3FAEF70F9}.Debug|x86.Build.0 = Debug|x86
		{8E6FC41B-445B-4987-BC09-46C3FAEF70F9}.Release|Any CPU.ActiveCfg = Release|Any CPU
		{8E6FC41B-445B-4987-BC09-46C3FAEF70F9}.Release|Any CPU.Build.0 = Release|Any CPU
		{8E6FC41B-445B-4987-BC09-46C3FAEF70F9}.Release|x64.ActiveCfg = Release|x64
		{8E6FC41B-445B-4987-BC09-46C3FAEF70F9}.Release|x64.Build.0 = Release|x64
		{8E6FC41B-445B-4987-BC09-46C3FAEF70F9}.Release|x86.ActiveCfg = Release|x86
		{8E6FC41B-445B-4987-BC09-46C3FAEF70F9}.Release|x86.Build.0 = Release|x86
		{6C0CD6AD-D18A-4AF3-9E40-9F1F9642EFC1}.Debug|Any CPU.ActiveCfg = Debug|Any CPU
		{6C0CD6AD-D18A-4AF3-9E40-9F1F9642EFC1}.Debug|Any CPU.Build.0 = Debug|Any CPU
		{6C0CD6AD-D18A-4AF3-9E40-9F1F9642EFC1}.Debug|x64.ActiveCfg = Debug|x64
		{6C0CD6AD-D18A-4AF3-9E40-9F1F9642EFC1}.Debug|x64.Build.0 = Debug|x64
		{6C0CD6AD-D18A-4AF3-9E40-9F1F9642EFC1}.Debug|x86.ActiveCfg = Debug|x86
		{6C0CD6AD-D18A-4AF3-9E40-9F1F9642EFC1}.Debug|x86.Build.0 = Debug|x86
		{6C0CD6AD-D18A-4AF3-9E40-9F1F9642EFC1}.Release|Any CPU.ActiveCfg = Release|Any CPU
		{6C0CD6AD-D18A-4AF3-9E40-9F1F9642EFC1}.Release|Any CPU.Build.0 = Release|Any CPU
		{6C0CD6AD-D18A-4AF3-9E40-9F1F9642EFC1}.Release|x64.ActiveCfg = Release|x64
		{6C0CD6AD-D18A-4AF3-9E40-9F1F9642EFC1}.Release|x64.Build.0 = Release|x64
		{6C0CD6AD-D18A-4AF3-9E40-9F1F9642EFC1}.Release|x86.ActiveCfg = Release|x86
		{6C0CD6AD-D18A-4AF3-9E40-9F1F9642EFC1}.Release|x86.Build.0 = Release|x86
		{99DA57BE-9C0A-490E-A76B-00499A1BF312}.Debug|Any CPU.ActiveCfg = Debug|Any CPU
		{99DA57BE-9C0A-490E-A76B-00499A1BF312}.Debug|Any CPU.Build.0 = Debug|Any CPU
		{99DA57BE-9C0A-490E-A76B-00499A1BF312}.Debug|x64.ActiveCfg = Debug|x64
		{99DA57BE-9C0A-490E-A76B-00499A1BF312}.Debug|x64.Build.0 = Debug|x64
		{99DA57BE-9C0A-490E-A76B-00499A1BF312}.Debug|x86.ActiveCfg = Debug|x86
		{99DA57BE-9C0A-490E-A76B-00499A1BF312}.Debug|x86.Build.0 = Debug|x86
		{99DA57BE-9C0A-490E-A76B-00499A1BF312}.Release|Any CPU.ActiveCfg = Release|Any CPU
		{99DA57BE-9C0A-490E-A76B-00499A1BF312}.Release|Any CPU.Build.0 = Release|Any CPU
		{99DA57BE-9C0A-490E-A76B-00499A1BF312}.Release|x64.ActiveCfg = Release|x64
		{99DA57BE-9C0A-490E-A76B-00499A1BF312}.Release|x64.Build.0 = Release|x64
		{99DA57BE-9C0A-490E-A76B-00499A1BF312}.Release|x86.ActiveCfg = Release|x86
		{99DA57BE-9C0A-490E-A76B-00499A1BF312}.Release|x86.Build.0 = Release|x86
		{46873FEE-4E07-461E-9333-FDB9935C1B63}.Debug|Any CPU.ActiveCfg = Debug|Any CPU
		{46873FEE-4E07-461E-9333-FDB9935C1B63}.Debug|Any CPU.Build.0 = Debug|Any CPU
		{46873FEE-4E07-461E-9333-FDB9935C1B63}.Debug|x64.ActiveCfg = Debug|x64
		{46873FEE-4E07-461E-9333-FDB9935C1B63}.Debug|x64.Build.0 = Debug|x64
		{46873FEE-4E07-461E-9333-FDB9935C1B63}.Debug|x86.ActiveCfg = Debug|x86
		{46873FEE-4E07-461E-9333-FDB9935C1B63}.Debug|x86.Build.0 = Debug|x86
		{46873FEE-4E07-461E-9333-FDB9935C1B63}.Release|Any CPU.ActiveCfg = Release|Any CPU
		{46873FEE-4E07-461E-9333-FDB9935C1B63}.Release|Any CPU.Build.0 = Release|Any CPU
		{46873FEE-4E07-461E-9333-FDB9935C1B63}.Release|x64.ActiveCfg = Release|x64
		{46873FEE-4E07-461E-9333-FDB9935C1B63}.Release|x64.Build.0 = Release|x64
		{46873FEE-4E07-461E-9333-FDB9935C1B63}.Release|x86.ActiveCfg = Release|x86
		{46873FEE-4E07-461E-9333-FDB9935C1B63}.Release|x86.Build.0 = Release|x86
		{0B9F6B62-9346-4E8A-B2A0-513FB1062B03}.Debug|Any CPU.ActiveCfg = Debug|Any CPU
		{0B9F6B62-9346-4E8A-B2A0-513FB1062B03}.Debug|Any CPU.Build.0 = Debug|Any CPU
		{0B9F6B62-9346-4E8A-B2A0-513FB1062B03}.Debug|x64.ActiveCfg = Debug|x64
		{0B9F6B62-9346-4E8A-B2A0-513FB1062B03}.Debug|x64.Build.0 = Debug|x64
		{0B9F6B62-9346-4E8A-B2A0-513FB1062B03}.Debug|x86.ActiveCfg = Debug|x86
		{0B9F6B62-9346-4E8A-B2A0-513FB1062B03}.Debug|x86.Build.0 = Debug|x86
		{0B9F6B62-9346-4E8A-B2A0-513FB1062B03}.Release|Any CPU.ActiveCfg = Release|Any CPU
		{0B9F6B62-9346-4E8A-B2A0-513FB1062B03}.Release|Any CPU.Build.0 = Release|Any CPU
		{0B9F6B62-9346-4E8A-B2A0-513FB1062B03}.Release|x64.ActiveCfg = Release|x64
		{0B9F6B62-9346-4E8A-B2A0-513FB1062B03}.Release|x64.Build.0 = Release|x64
		{0B9F6B62-9346-4E8A-B2A0-513FB1062B03}.Release|x86.ActiveCfg = Release|x86
		{0B9F6B62-9346-4E8A-B2A0-513FB1062B03}.Release|x86.Build.0 = Release|x86
	EndGlobalSection
	GlobalSection(NestedProjects) = preSolution
		{CFBC7308-57F9-4425-A3DE-B36C6F361480} = {54CCA114-8C4B-489D-8B9B-77785C19CD22}
		{D8BA8616-7F5B-4246-8DA8-0383B759AF1A} = {54CCA114-8C4B-489D-8B9B-77785C19CD22}
		{6F598372-56E4-4F8B-B6BD-11B82FC013FF} = {54CCA114-8C4B-489D-8B9B-77785C19CD22}
		{318FCD77-ADCB-4446-8145-5EA0F7331ED8} = {54CCA114-8C4B-489D-8B9B-77785C19CD22}
		{4E41BC5E-EAF6-4AF1-A1FB-CB246ABC4EF9} = {54CCA114-8C4B-489D-8B9B-77785C19CD22}
		{EEB96C16-7391-4BF4-9B6D-1D90707E3480} = {54CCA114-8C4B-489D-8B9B-77785C19CD22}
		{DFD3373A-FB54-4137-91A6-8F21E8AF7F49} = {54CCA114-8C4B-489D-8B9B-77785C19CD22}
		{916D17BA-600E-4D19-BFFB-68ECB01F4A27} = {54CCA114-8C4B-489D-8B9B-77785C19CD22}
		{C4199AB1-FC37-463F-B162-E8B8BE4775D6} = {54CCA114-8C4B-489D-8B9B-77785C19CD22}
		{325D461C-BA74-471B-ABF2-3EDBA88EB664} = {54CCA114-8C4B-489D-8B9B-77785C19CD22}
		{67FABBE7-088C-449D-AC87-769C32E71716} = {54CCA114-8C4B-489D-8B9B-77785C19CD22}
		{6BE7AF06-6464-46EF-A829-12823242502B} = {54CCA114-8C4B-489D-8B9B-77785C19CD22}
		{2316F7DC-5094-4D07-9BB8-E4F8B24C5131} = {54CCA114-8C4B-489D-8B9B-77785C19CD22}
		{D6D537C2-67DE-497F-8B43-ABB426251493} = {54CCA114-8C4B-489D-8B9B-77785C19CD22}
		{6B511B4C-6F8B-48FC-91EB-B7C8D5611FDB} = {54CCA114-8C4B-489D-8B9B-77785C19CD22}
		{F1448975-4E8B-4A3F-9DAB-A482D88BF629} = {54CCA114-8C4B-489D-8B9B-77785C19CD22}
		{94E76FCF-1EEA-4E20-B02D-03160775DF15} = {54CCA114-8C4B-489D-8B9B-77785C19CD22}
		{8E6FC41B-445B-4987-BC09-46C3FAEF70F9} = {54CCA114-8C4B-489D-8B9B-77785C19CD22}
		{6C0CD6AD-D18A-4AF3-9E40-9F1F9642EFC1} = {54CCA114-8C4B-489D-8B9B-77785C19CD22}
		{99DA57BE-9C0A-490E-A76B-00499A1BF312} = {54CCA114-8C4B-489D-8B9B-77785C19CD22}
		{46873FEE-4E07-461E-9333-FDB9935C1B63} = {54CCA114-8C4B-489D-8B9B-77785C19CD22}
		{0B9F6B62-9346-4E8A-B2A0-513FB1062B03} = {54CCA114-8C4B-489D-8B9B-77785C19CD22}
	EndGlobalSection
EndGlobal
