
Microsoft Visual Studio Solution File, Format Version 12.00
# Visual Studio 15
VisualStudioVersion = 15.0.26124.0
MinimumVisualStudioVersion = 15.0.26124.0
Project("{2150E333-8FDC-42A3-9474-1A3956D46DE8}") = "src", "src", "{4F77A5C5-F3AA-40A0-910F-785C520FEF8E}"
EndProject
Project("{FAE04EC0-301F-11D3-BF4B-00C04F79EFBC}") = "Fable", "src\Fable.proj", "{6EDB2B01-9207-44B8-B51A-66178B8C83DD}"
EndProject
Project("{F2A71F9B-5D33-465A-A702-920D77279786}") = "App0", "src\basic\App.fsproj", "{47BFF3CC-BFA6-4287-97C8-B4E64386F7FF}"
EndProject
Project("{F2A71F9B-5D33-465A-A702-920D77279786}") = "App1", "src\animejs\App.fsproj", "{BE913054-90CA-41A9-8FB2-8486A5A7BD7D}"
EndProject
Project("{F2A71F9B-5D33-465A-A702-920D77279786}") = "App2", "src\click\App.fsproj", "{F7F111E6-3113-450E-9725-1C8F1FEBB94B}"
EndProject
Project("{F2A71F9B-5D33-465A-A702-920D77279786}") = "App3", "src\container\App.fsproj", "{75356F6D-2AE4-4F18-B141-144C4538452B}"
EndProject
Project("{F2A71F9B-5D33-465A-A702-920D77279786}") = "App4", "src\containerPivot\App.fsproj", "{93DAF593-A24E-4C98-A16A-4A9CAE505085}"
EndProject
Project("{F2A71F9B-5D33-465A-A702-920D77279786}") = "App5", "src\customFilters\App.fsproj", "{80329604-16D2-4BB9-8083-91FD230D7022}"
EndProject
Project("{F2A71F9B-5D33-465A-A702-920D77279786}") = "App6", "src\dragging\App.fsproj", "{73CFC82E-8E02-44D7-BB14-BE286839911E}"
EndProject
Project("{F2A71F9B-5D33-465A-A702-920D77279786}") = "App7", "src\draggor\App.fsproj", "{548E8C8C-9D98-4E31-85B1-A01138CAC404}"
EndProject
Project("{F2A71F9B-5D33-465A-A702-920D77279786}") = "App8", "src\dragonParticle\App.fsproj", "{B4168397-1DF9-45CD-B45C-5F2BFD39794A}"
EndProject
Project("{F2A71F9B-5D33-465A-A702-920D77279786}") = "App9", "src\graphics\App.fsproj", "{C949855D-5C8F-4752-A9C9-DA572F97142D}"
EndProject
Project("{F2A71F9B-5D33-465A-A702-920D77279786}") = "App10", "src\particles\App.fsproj", "{B00B91D0-7F26-4734-BBCF-C219AD19944A}"
EndProject
Project("{F2A71F9B-5D33-465A-A702-920D77279786}") = "App11", "src\renderTexture\App.fsproj", "{D1EBCB11-B8BC-4C7A-A95E-D7EEEBA1220D}"
EndProject
Project("{F2A71F9B-5D33-465A-A702-920D77279786}") = "App12", "src\sound\App.fsproj", "{5D726BAA-9C0A-4496-A598-C92E29612515}"
EndProject
Project("{F2A71F9B-5D33-465A-A702-920D77279786}") = "App13", "src\ssa\App.fsproj", "{6586DC49-7763-4854-B9CD-1124292F2996}"
EndProject
Project("{F2A71F9B-5D33-465A-A702-920D77279786}") = "App14", "src\text\App.fsproj", "{640E5546-A09C-482A-A18F-393C36B4AF8B}"
EndProject
Project("{F2A71F9B-5D33-465A-A702-920D77279786}") = "App15", "src\textureSwap\App.fsproj", "{F1A2BD83-1959-49C4-8F50-8B386276B899}"
EndProject
Project("{F2A71F9B-5D33-465A-A702-920D77279786}") = "App16", "src\texturedMesh\App.fsproj", "{8283332C-407A-4E9D-91AF-C83ADFFCCD5B}"
EndProject
Project("{F2A71F9B-5D33-465A-A702-920D77279786}") = "App17", "src\tilingSprite\App.fsproj", "{808E0CBB-20D2-4C67-A259-122B84496329}"
EndProject
Project("{F2A71F9B-5D33-465A-A702-920D77279786}") = "App18", "src\tinting\App.fsproj", "{D682EF1E-0BE1-445D-9F32-632B7CE0A8E1}"
EndProject
Project("{F2A71F9B-5D33-465A-A702-920D77279786}") = "App19", "src\video\App.fsproj", "{ED8D162E-E396-4BEF-AE32-BB827750C557}"
EndProject
Global
	GlobalSection(SolutionConfigurationPlatforms) = preSolution
		Debug|Any CPU = Debug|Any CPU
		Debug|x64 = Debug|x64
		Debug|x86 = Debug|x86
		Release|Any CPU = Release|Any CPU
		Release|x64 = Release|x64
		Release|x86 = Release|x86
	EndGlobalSection
	GlobalSection(SolutionProperties) = preSolution
		HideSolutionNode = FALSE
	EndGlobalSection
	GlobalSection(ProjectConfigurationPlatforms) = postSolution
		{A657D68F-2FF8-4D4E-94F4-03373E48D793}.Debug|Any CPU.ActiveCfg = Debug|Any CPU
		{A657D68F-2FF8-4D4E-94F4-03373E48D793}.Debug|Any CPU.Build.0 = Debug|Any CPU
		{A657D68F-2FF8-4D4E-94F4-03373E48D793}.Debug|x64.ActiveCfg = Debug|x64
		{A657D68F-2FF8-4D4E-94F4-03373E48D793}.Debug|x64.Build.0 = Debug|x64
		{A657D68F-2FF8-4D4E-94F4-03373E48D793}.Debug|x86.ActiveCfg = Debug|x86
		{A657D68F-2FF8-4D4E-94F4-03373E48D793}.Debug|x86.Build.0 = Debug|x86
		{A657D68F-2FF8-4D4E-94F4-03373E48D793}.Release|Any CPU.ActiveCfg = Release|Any CPU
		{A657D68F-2FF8-4D4E-94F4-03373E48D793}.Release|Any CPU.Build.0 = Release|Any CPU
		{A657D68F-2FF8-4D4E-94F4-03373E48D793}.Release|x64.ActiveCfg = Release|x64
		{A657D68F-2FF8-4D4E-94F4-03373E48D793}.Release|x64.Build.0 = Release|x64
		{A657D68F-2FF8-4D4E-94F4-03373E48D793}.Release|x86.ActiveCfg = Release|x86
		{A657D68F-2FF8-4D4E-94F4-03373E48D793}.Release|x86.Build.0 = Release|x86
		{34E52684-F16A-4255-998B-15C50C559EE8}.Debug|Any CPU.ActiveCfg = Debug|Any CPU
		{34E52684-F16A-4255-998B-15C50C559EE8}.Debug|Any CPU.Build.0 = Debug|Any CPU
		{34E52684-F16A-4255-998B-15C50C559EE8}.Debug|x64.ActiveCfg = Debug|x64
		{34E52684-F16A-4255-998B-15C50C559EE8}.Debug|x64.Build.0 = Debug|x64
		{34E52684-F16A-4255-998B-15C50C559EE8}.Debug|x86.ActiveCfg = Debug|x86
		{34E52684-F16A-4255-998B-15C50C559EE8}.Debug|x86.Build.0 = Debug|x86
		{34E52684-F16A-4255-998B-15C50C559EE8}.Release|Any CPU.ActiveCfg = Release|Any CPU
		{34E52684-F16A-4255-998B-15C50C559EE8}.Release|Any CPU.Build.0 = Release|Any CPU
		{34E52684-F16A-4255-998B-15C50C559EE8}.Release|x64.ActiveCfg = Release|x64
		{34E52684-F16A-4255-998B-15C50C559EE8}.Release|x64.Build.0 = Release|x64
		{34E52684-F16A-4255-998B-15C50C559EE8}.Release|x86.ActiveCfg = Release|x86
		{34E52684-F16A-4255-998B-15C50C559EE8}.Release|x86.Build.0 = Release|x86
		{B3A83CC0-C80E-4BB0-965C-15369934137C}.Debug|Any CPU.ActiveCfg = Debug|Any CPU
		{B3A83CC0-C80E-4BB0-965C-15369934137C}.Debug|Any CPU.Build.0 = Debug|Any CPU
		{B3A83CC0-C80E-4BB0-965C-15369934137C}.Debug|x64.ActiveCfg = Debug|x64
		{B3A83CC0-C80E-4BB0-965C-15369934137C}.Debug|x64.Build.0 = Debug|x64
		{B3A83CC0-C80E-4BB0-965C-15369934137C}.Debug|x86.ActiveCfg = Debug|x86
		{B3A83CC0-C80E-4BB0-965C-15369934137C}.Debug|x86.Build.0 = Debug|x86
		{B3A83CC0-C80E-4BB0-965C-15369934137C}.Release|Any CPU.ActiveCfg = Release|Any CPU
		{B3A83CC0-C80E-4BB0-965C-15369934137C}.Release|Any CPU.Build.0 = Release|Any CPU
		{B3A83CC0-C80E-4BB0-965C-15369934137C}.Release|x64.ActiveCfg = Release|x64
		{B3A83CC0-C80E-4BB0-965C-15369934137C}.Release|x64.Build.0 = Release|x64
		{B3A83CC0-C80E-4BB0-965C-15369934137C}.Release|x86.ActiveCfg = Release|x86
		{B3A83CC0-C80E-4BB0-965C-15369934137C}.Release|x86.Build.0 = Release|x86
		{63F3424A-6DB7-4D61-8CE9-1E295CDC0CD3}.Debug|Any CPU.ActiveCfg = Debug|Any CPU
		{63F3424A-6DB7-4D61-8CE9-1E295CDC0CD3}.Debug|Any CPU.Build.0 = Debug|Any CPU
		{63F3424A-6DB7-4D61-8CE9-1E295CDC0CD3}.Debug|x64.ActiveCfg = Debug|x64
		{63F3424A-6DB7-4D61-8CE9-1E295CDC0CD3}.Debug|x64.Build.0 = Debug|x64
		{63F3424A-6DB7-4D61-8CE9-1E295CDC0CD3}.Debug|x86.ActiveCfg = Debug|x86
		{63F3424A-6DB7-4D61-8CE9-1E295CDC0CD3}.Debug|x86.Build.0 = Debug|x86
		{63F3424A-6DB7-4D61-8CE9-1E295CDC0CD3}.Release|Any CPU.ActiveCfg = Release|Any CPU
		{63F3424A-6DB7-4D61-8CE9-1E295CDC0CD3}.Release|Any CPU.Build.0 = Release|Any CPU
		{63F3424A-6DB7-4D61-8CE9-1E295CDC0CD3}.Release|x64.ActiveCfg = Release|x64
		{63F3424A-6DB7-4D61-8CE9-1E295CDC0CD3}.Release|x64.Build.0 = Release|x64
		{63F3424A-6DB7-4D61-8CE9-1E295CDC0CD3}.Release|x86.ActiveCfg = Release|x86
		{63F3424A-6DB7-4D61-8CE9-1E295CDC0CD3}.Release|x86.Build.0 = Release|x86
		{53B3DB05-6F25-4C7D-83C5-63DFC931425A}.Debug|Any CPU.ActiveCfg = Debug|Any CPU
		{53B3DB05-6F25-4C7D-83C5-63DFC931425A}.Debug|Any CPU.Build.0 = Debug|Any CPU
		{53B3DB05-6F25-4C7D-83C5-63DFC931425A}.Debug|x64.ActiveCfg = Debug|x64
		{53B3DB05-6F25-4C7D-83C5-63DFC931425A}.Debug|x64.Build.0 = Debug|x64
		{53B3DB05-6F25-4C7D-83C5-63DFC931425A}.Debug|x86.ActiveCfg = Debug|x86
		{53B3DB05-6F25-4C7D-83C5-63DFC931425A}.Debug|x86.Build.0 = Debug|x86
		{53B3DB05-6F25-4C7D-83C5-63DFC931425A}.Release|Any CPU.ActiveCfg = Release|Any CPU
		{53B3DB05-6F25-4C7D-83C5-63DFC931425A}.Release|Any CPU.Build.0 = Release|Any CPU
		{53B3DB05-6F25-4C7D-83C5-63DFC931425A}.Release|x64.ActiveCfg = Release|x64
		{53B3DB05-6F25-4C7D-83C5-63DFC931425A}.Release|x64.Build.0 = Release|x64
		{53B3DB05-6F25-4C7D-83C5-63DFC931425A}.Release|x86.ActiveCfg = Release|x86
		{53B3DB05-6F25-4C7D-83C5-63DFC931425A}.Release|x86.Build.0 = Release|x86
		{568BFE09-B390-443B-A2CF-B64EAA4EA379}.Debug|Any CPU.ActiveCfg = Debug|Any CPU
		{568BFE09-B390-443B-A2CF-B64EAA4EA379}.Debug|Any CPU.Build.0 = Debug|Any CPU
		{568BFE09-B390-443B-A2CF-B64EAA4EA379}.Debug|x64.ActiveCfg = Debug|x64
		{568BFE09-B390-443B-A2CF-B64EAA4EA379}.Debug|x64.Build.0 = Debug|x64
		{568BFE09-B390-443B-A2CF-B64EAA4EA379}.Debug|x86.ActiveCfg = Debug|x86
		{568BFE09-B390-443B-A2CF-B64EAA4EA379}.Debug|x86.Build.0 = Debug|x86
		{568BFE09-B390-443B-A2CF-B64EAA4EA379}.Release|Any CPU.ActiveCfg = Release|Any CPU
		{568BFE09-B390-443B-A2CF-B64EAA4EA379}.Release|Any CPU.Build.0 = Release|Any CPU
		{568BFE09-B390-443B-A2CF-B64EAA4EA379}.Release|x64.ActiveCfg = Release|x64
		{568BFE09-B390-443B-A2CF-B64EAA4EA379}.Release|x64.Build.0 = Release|x64
		{568BFE09-B390-443B-A2CF-B64EAA4EA379}.Release|x86.ActiveCfg = Release|x86
		{568BFE09-B390-443B-A2CF-B64EAA4EA379}.Release|x86.Build.0 = Release|x86
		{7AAC8BDF-F1A5-4CA3-8355-67F08765BF97}.Debug|Any CPU.ActiveCfg = Debug|Any CPU
		{7AAC8BDF-F1A5-4CA3-8355-67F08765BF97}.Debug|Any CPU.Build.0 = Debug|Any CPU
		{7AAC8BDF-F1A5-4CA3-8355-67F08765BF97}.Debug|x64.ActiveCfg = Debug|x64
		{7AAC8BDF-F1A5-4CA3-8355-67F08765BF97}.Debug|x64.Build.0 = Debug|x64
		{7AAC8BDF-F1A5-4CA3-8355-67F08765BF97}.Debug|x86.ActiveCfg = Debug|x86
		{7AAC8BDF-F1A5-4CA3-8355-67F08765BF97}.Debug|x86.Build.0 = Debug|x86
		{7AAC8BDF-F1A5-4CA3-8355-67F08765BF97}.Release|Any CPU.ActiveCfg = Release|Any CPU
		{7AAC8BDF-F1A5-4CA3-8355-67F08765BF97}.Release|Any CPU.Build.0 = Release|Any CPU
		{7AAC8BDF-F1A5-4CA3-8355-67F08765BF97}.Release|x64.ActiveCfg = Release|x64
		{7AAC8BDF-F1A5-4CA3-8355-67F08765BF97}.Release|x64.Build.0 = Release|x64
		{7AAC8BDF-F1A5-4CA3-8355-67F08765BF97}.Release|x86.ActiveCfg = Release|x86
		{7AAC8BDF-F1A5-4CA3-8355-67F08765BF97}.Release|x86.Build.0 = Release|x86
		{AC0CB754-893F-4E43-90C3-88F2BF0581C8}.Debug|Any CPU.ActiveCfg = Debug|Any CPU
		{AC0CB754-893F-4E43-90C3-88F2BF0581C8}.Debug|Any CPU.Build.0 = Debug|Any CPU
		{AC0CB754-893F-4E43-90C3-88F2BF0581C8}.Debug|x64.ActiveCfg = Debug|x64
		{AC0CB754-893F-4E43-90C3-88F2BF0581C8}.Debug|x64.Build.0 = Debug|x64
		{AC0CB754-893F-4E43-90C3-88F2BF0581C8}.Debug|x86.ActiveCfg = Debug|x86
		{AC0CB754-893F-4E43-90C3-88F2BF0581C8}.Debug|x86.Build.0 = Debug|x86
		{AC0CB754-893F-4E43-90C3-88F2BF0581C8}.Release|Any CPU.ActiveCfg = Release|Any CPU
		{AC0CB754-893F-4E43-90C3-88F2BF0581C8}.Release|Any CPU.Build.0 = Release|Any CPU
		{AC0CB754-893F-4E43-90C3-88F2BF0581C8}.Release|x64.ActiveCfg = Release|x64
		{AC0CB754-893F-4E43-90C3-88F2BF0581C8}.Release|x64.Build.0 = Release|x64
		{AC0CB754-893F-4E43-90C3-88F2BF0581C8}.Release|x86.ActiveCfg = Release|x86
		{AC0CB754-893F-4E43-90C3-88F2BF0581C8}.Release|x86.Build.0 = Release|x86
		{D5E88A83-E2FF-4CE3-96CA-052AB5EC0941}.Debug|Any CPU.ActiveCfg = Debug|Any CPU
		{D5E88A83-E2FF-4CE3-96CA-052AB5EC0941}.Debug|Any CPU.Build.0 = Debug|Any CPU
		{D5E88A83-E2FF-4CE3-96CA-052AB5EC0941}.Debug|x64.ActiveCfg = Debug|x64
		{D5E88A83-E2FF-4CE3-96CA-052AB5EC0941}.Debug|x64.Build.0 = Debug|x64
		{D5E88A83-E2FF-4CE3-96CA-052AB5EC0941}.Debug|x86.ActiveCfg = Debug|x86
		{D5E88A83-E2FF-4CE3-96CA-052AB5EC0941}.Debug|x86.Build.0 = Debug|x86
		{D5E88A83-E2FF-4CE3-96CA-052AB5EC0941}.Release|Any CPU.ActiveCfg = Release|Any CPU
		{D5E88A83-E2FF-4CE3-96CA-052AB5EC0941}.Release|Any CPU.Build.0 = Release|Any CPU
		{D5E88A83-E2FF-4CE3-96CA-052AB5EC0941}.Release|x64.ActiveCfg = Release|x64
		{D5E88A83-E2FF-4CE3-96CA-052AB5EC0941}.Release|x64.Build.0 = Release|x64
		{D5E88A83-E2FF-4CE3-96CA-052AB5EC0941}.Release|x86.ActiveCfg = Release|x86
		{D5E88A83-E2FF-4CE3-96CA-052AB5EC0941}.Release|x86.Build.0 = Release|x86
		{8E207908-1430-4435-B3E8-15E238DE1BDA}.Debug|Any CPU.ActiveCfg = Debug|Any CPU
		{8E207908-1430-4435-B3E8-15E238DE1BDA}.Debug|Any CPU.Build.0 = Debug|Any CPU
		{8E207908-1430-4435-B3E8-15E238DE1BDA}.Debug|x64.ActiveCfg = Debug|x64
		{8E207908-1430-4435-B3E8-15E238DE1BDA}.Debug|x64.Build.0 = Debug|x64
		{8E207908-1430-4435-B3E8-15E238DE1BDA}.Debug|x86.ActiveCfg = Debug|x86
		{8E207908-1430-4435-B3E8-15E238DE1BDA}.Debug|x86.Build.0 = Debug|x86
		{8E207908-1430-4435-B3E8-15E238DE1BDA}.Release|Any CPU.ActiveCfg = Release|Any CPU
		{8E207908-1430-4435-B3E8-15E238DE1BDA}.Release|Any CPU.Build.0 = Release|Any CPU
		{8E207908-1430-4435-B3E8-15E238DE1BDA}.Release|x64.ActiveCfg = Release|x64
		{8E207908-1430-4435-B3E8-15E238DE1BDA}.Release|x64.Build.0 = Release|x64
		{8E207908-1430-4435-B3E8-15E238DE1BDA}.Release|x86.ActiveCfg = Release|x86
		{8E207908-1430-4435-B3E8-15E238DE1BDA}.Release|x86.Build.0 = Release|x86
		{B301D57D-20BC-4559-86E8-43D3C01AD8B7}.Debug|Any CPU.ActiveCfg = Debug|Any CPU
		{B301D57D-20BC-4559-86E8-43D3C01AD8B7}.Debug|Any CPU.Build.0 = Debug|Any CPU
		{B301D57D-20BC-4559-86E8-43D3C01AD8B7}.Debug|x64.ActiveCfg = Debug|x64
		{B301D57D-20BC-4559-86E8-43D3C01AD8B7}.Debug|x64.Build.0 = Debug|x64
		{B301D57D-20BC-4559-86E8-43D3C01AD8B7}.Debug|x86.ActiveCfg = Debug|x86
		{B301D57D-20BC-4559-86E8-43D3C01AD8B7}.Debug|x86.Build.0 = Debug|x86
		{B301D57D-20BC-4559-86E8-43D3C01AD8B7}.Release|Any CPU.ActiveCfg = Release|Any CPU
		{B301D57D-20BC-4559-86E8-43D3C01AD8B7}.Release|Any CPU.Build.0 = Release|Any CPU
		{B301D57D-20BC-4559-86E8-43D3C01AD8B7}.Release|x64.ActiveCfg = Release|x64
		{B301D57D-20BC-4559-86E8-43D3C01AD8B7}.Release|x64.Build.0 = Release|x64
		{B301D57D-20BC-4559-86E8-43D3C01AD8B7}.Release|x86.ActiveCfg = Release|x86
		{B301D57D-20BC-4559-86E8-43D3C01AD8B7}.Release|x86.Build.0 = Release|x86
		{F1B77ED4-51B2-445C-9D58-B9719A4735E6}.Debug|Any CPU.ActiveCfg = Debug|Any CPU
		{F1B77ED4-51B2-445C-9D58-B9719A4735E6}.Debug|Any CPU.Build.0 = Debug|Any CPU
		{F1B77ED4-51B2-445C-9D58-B9719A4735E6}.Debug|x64.ActiveCfg = Debug|x64
		{F1B77ED4-51B2-445C-9D58-B9719A4735E6}.Debug|x64.Build.0 = Debug|x64
		{F1B77ED4-51B2-445C-9D58-B9719A4735E6}.Debug|x86.ActiveCfg = Debug|x86
		{F1B77ED4-51B2-445C-9D58-B9719A4735E6}.Debug|x86.Build.0 = Debug|x86
		{F1B77ED4-51B2-445C-9D58-B9719A4735E6}.Release|Any CPU.ActiveCfg = Release|Any CPU
		{F1B77ED4-51B2-445C-9D58-B9719A4735E6}.Release|Any CPU.Build.0 = Release|Any CPU
		{F1B77ED4-51B2-445C-9D58-B9719A4735E6}.Release|x64.ActiveCfg = Release|x64
		{F1B77ED4-51B2-445C-9D58-B9719A4735E6}.Release|x64.Build.0 = Release|x64
		{F1B77ED4-51B2-445C-9D58-B9719A4735E6}.Release|x86.ActiveCfg = Release|x86
		{F1B77ED4-51B2-445C-9D58-B9719A4735E6}.Release|x86.Build.0 = Release|x86
		{4BA5F719-AB99-4119-8285-E8288D676609}.Debug|Any CPU.ActiveCfg = Debug|Any CPU
		{4BA5F719-AB99-4119-8285-E8288D676609}.Debug|Any CPU.Build.0 = Debug|Any CPU
		{4BA5F719-AB99-4119-8285-E8288D676609}.Debug|x64.ActiveCfg = Debug|x64
		{4BA5F719-AB99-4119-8285-E8288D676609}.Debug|x64.Build.0 = Debug|x64
		{4BA5F719-AB99-4119-8285-E8288D676609}.Debug|x86.ActiveCfg = Debug|x86
		{4BA5F719-AB99-4119-8285-E8288D676609}.Debug|x86.Build.0 = Debug|x86
		{4BA5F719-AB99-4119-8285-E8288D676609}.Release|Any CPU.ActiveCfg = Release|Any CPU
		{4BA5F719-AB99-4119-8285-E8288D676609}.Release|Any CPU.Build.0 = Release|Any CPU
		{4BA5F719-AB99-4119-8285-E8288D676609}.Release|x64.ActiveCfg = Release|x64
		{4BA5F719-AB99-4119-8285-E8288D676609}.Release|x64.Build.0 = Release|x64
		{4BA5F719-AB99-4119-8285-E8288D676609}.Release|x86.ActiveCfg = Release|x86
		{4BA5F719-AB99-4119-8285-E8288D676609}.Release|x86.Build.0 = Release|x86
		{A8DC1EAE-E5F8-419B-A0C1-2B1B6C45F6D6}.Debug|Any CPU.ActiveCfg = Debug|Any CPU
		{A8DC1EAE-E5F8-419B-A0C1-2B1B6C45F6D6}.Debug|Any CPU.Build.0 = Debug|Any CPU
		{A8DC1EAE-E5F8-419B-A0C1-2B1B6C45F6D6}.Debug|x64.ActiveCfg = Debug|x64
		{A8DC1EAE-E5F8-419B-A0C1-2B1B6C45F6D6}.Debug|x64.Build.0 = Debug|x64
		{A8DC1EAE-E5F8-419B-A0C1-2B1B6C45F6D6}.Debug|x86.ActiveCfg = Debug|x86
		{A8DC1EAE-E5F8-419B-A0C1-2B1B6C45F6D6}.Debug|x86.Build.0 = Debug|x86
		{A8DC1EAE-E5F8-419B-A0C1-2B1B6C45F6D6}.Release|Any CPU.ActiveCfg = Release|Any CPU
		{A8DC1EAE-E5F8-419B-A0C1-2B1B6C45F6D6}.Release|Any CPU.Build.0 = Release|Any CPU
		{A8DC1EAE-E5F8-419B-A0C1-2B1B6C45F6D6}.Release|x64.ActiveCfg = Release|x64
		{A8DC1EAE-E5F8-419B-A0C1-2B1B6C45F6D6}.Release|x64.Build.0 = Release|x64
		{A8DC1EAE-E5F8-419B-A0C1-2B1B6C45F6D6}.Release|x86.ActiveCfg = Release|x86
		{A8DC1EAE-E5F8-419B-A0C1-2B1B6C45F6D6}.Release|x86.Build.0 = Release|x86
		{F0132EB7-1A0C-4583-9C5C-D9296B73C59A}.Debug|Any CPU.ActiveCfg = Debug|Any CPU
		{F0132EB7-1A0C-4583-9C5C-D9296B73C59A}.Debug|Any CPU.Build.0 = Debug|Any CPU
		{F0132EB7-1A0C-4583-9C5C-D9296B73C59A}.Debug|x64.ActiveCfg = Debug|x64
		{F0132EB7-1A0C-4583-9C5C-D9296B73C59A}.Debug|x64.Build.0 = Debug|x64
		{F0132EB7-1A0C-4583-9C5C-D9296B73C59A}.Debug|x86.ActiveCfg = Debug|x86
		{F0132EB7-1A0C-4583-9C5C-D9296B73C59A}.Debug|x86.Build.0 = Debug|x86
		{F0132EB7-1A0C-4583-9C5C-D9296B73C59A}.Release|Any CPU.ActiveCfg = Release|Any CPU
		{F0132EB7-1A0C-4583-9C5C-D9296B73C59A}.Release|Any CPU.Build.0 = Release|Any CPU
		{F0132EB7-1A0C-4583-9C5C-D9296B73C59A}.Release|x64.ActiveCfg = Release|x64
		{F0132EB7-1A0C-4583-9C5C-D9296B73C59A}.Release|x64.Build.0 = Release|x64
		{F0132EB7-1A0C-4583-9C5C-D9296B73C59A}.Release|x86.ActiveCfg = Release|x86
		{F0132EB7-1A0C-4583-9C5C-D9296B73C59A}.Release|x86.Build.0 = Release|x86
		{F98BC72C-A3F4-4944-86F7-A323B39E7250}.Debug|Any CPU.ActiveCfg = Debug|Any CPU
		{F98BC72C-A3F4-4944-86F7-A323B39E7250}.Debug|Any CPU.Build.0 = Debug|Any CPU
		{F98BC72C-A3F4-4944-86F7-A323B39E7250}.Debug|x64.ActiveCfg = Debug|x64
		{F98BC72C-A3F4-4944-86F7-A323B39E7250}.Debug|x64.Build.0 = Debug|x64
		{F98BC72C-A3F4-4944-86F7-A323B39E7250}.Debug|x86.ActiveCfg = Debug|x86
		{F98BC72C-A3F4-4944-86F7-A323B39E7250}.Debug|x86.Build.0 = Debug|x86
		{F98BC72C-A3F4-4944-86F7-A323B39E7250}.Release|Any CPU.ActiveCfg = Release|Any CPU
		{F98BC72C-A3F4-4944-86F7-A323B39E7250}.Release|Any CPU.Build.0 = Release|Any CPU
		{F98BC72C-A3F4-4944-86F7-A323B39E7250}.Release|x64.ActiveCfg = Release|x64
		{F98BC72C-A3F4-4944-86F7-A323B39E7250}.Release|x64.Build.0 = Release|x64
		{F98BC72C-A3F4-4944-86F7-A323B39E7250}.Release|x86.ActiveCfg = Release|x86
		{F98BC72C-A3F4-4944-86F7-A323B39E7250}.Release|x86.Build.0 = Release|x86
		{33AACEA3-0D8A-4D9C-B708-D7E335916E65}.Debug|Any CPU.ActiveCfg = Debug|Any CPU
		{33AACEA3-0D8A-4D9C-B708-D7E335916E65}.Debug|Any CPU.Build.0 = Debug|Any CPU
		{33AACEA3-0D8A-4D9C-B708-D7E335916E65}.Debug|x64.ActiveCfg = Debug|x64
		{33AACEA3-0D8A-4D9C-B708-D7E335916E65}.Debug|x64.Build.0 = Debug|x64
		{33AACEA3-0D8A-4D9C-B708-D7E335916E65}.Debug|x86.ActiveCfg = Debug|x86
		{33AACEA3-0D8A-4D9C-B708-D7E335916E65}.Debug|x86.Build.0 = Debug|x86
		{33AACEA3-0D8A-4D9C-B708-D7E335916E65}.Release|Any CPU.ActiveCfg = Release|Any CPU
		{33AACEA3-0D8A-4D9C-B708-D7E335916E65}.Release|Any CPU.Build.0 = Release|Any CPU
		{33AACEA3-0D8A-4D9C-B708-D7E335916E65}.Release|x64.ActiveCfg = Release|x64
		{33AACEA3-0D8A-4D9C-B708-D7E335916E65}.Release|x64.Build.0 = Release|x64
		{33AACEA3-0D8A-4D9C-B708-D7E335916E65}.Release|x86.ActiveCfg = Release|x86
		{33AACEA3-0D8A-4D9C-B708-D7E335916E65}.Release|x86.Build.0 = Release|x86
		{DAC58064-F879-4D96-82C6-2EB806E866FF}.Debug|Any CPU.ActiveCfg = Debug|Any CPU
		{DAC58064-F879-4D96-82C6-2EB806E866FF}.Debug|Any CPU.Build.0 = Debug|Any CPU
		{DAC58064-F879-4D96-82C6-2EB806E866FF}.Debug|x64.ActiveCfg = Debug|x64
		{DAC58064-F879-4D96-82C6-2EB806E866FF}.Debug|x64.Build.0 = Debug|x64
		{DAC58064-F879-4D96-82C6-2EB806E866FF}.Debug|x86.ActiveCfg = Debug|x86
		{DAC58064-F879-4D96-82C6-2EB806E866FF}.Debug|x86.Build.0 = Debug|x86
		{DAC58064-F879-4D96-82C6-2EB806E866FF}.Release|Any CPU.ActiveCfg = Release|Any CPU
		{DAC58064-F879-4D96-82C6-2EB806E866FF}.Release|Any CPU.Build.0 = Release|Any CPU
		{DAC58064-F879-4D96-82C6-2EB806E866FF}.Release|x64.ActiveCfg = Release|x64
		{DAC58064-F879-4D96-82C6-2EB806E866FF}.Release|x64.Build.0 = Release|x64
		{DAC58064-F879-4D96-82C6-2EB806E866FF}.Release|x86.ActiveCfg = Release|x86
		{DAC58064-F879-4D96-82C6-2EB806E866FF}.Release|x86.Build.0 = Release|x86
		{F6967AD7-E0E8-4DAB-A304-FF501BAE444B}.Debug|Any CPU.ActiveCfg = Debug|Any CPU
		{F6967AD7-E0E8-4DAB-A304-FF501BAE444B}.Debug|Any CPU.Build.0 = Debug|Any CPU
		{F6967AD7-E0E8-4DAB-A304-FF501BAE444B}.Debug|x64.ActiveCfg = Debug|x64
		{F6967AD7-E0E8-4DAB-A304-FF501BAE444B}.Debug|x64.Build.0 = Debug|x64
		{F6967AD7-E0E8-4DAB-A304-FF501BAE444B}.Debug|x86.ActiveCfg = Debug|x86
		{F6967AD7-E0E8-4DAB-A304-FF501BAE444B}.Debug|x86.Build.0 = Debug|x86
		{F6967AD7-E0E8-4DAB-A304-FF501BAE444B}.Release|Any CPU.ActiveCfg = Release|Any CPU
		{F6967AD7-E0E8-4DAB-A304-FF501BAE444B}.Release|Any CPU.Build.0 = Release|Any CPU
		{F6967AD7-E0E8-4DAB-A304-FF501BAE444B}.Release|x64.ActiveCfg = Release|x64
		{F6967AD7-E0E8-4DAB-A304-FF501BAE444B}.Release|x64.Build.0 = Release|x64
		{F6967AD7-E0E8-4DAB-A304-FF501BAE444B}.Release|x86.ActiveCfg = Release|x86
		{F6967AD7-E0E8-4DAB-A304-FF501BAE444B}.Release|x86.Build.0 = Release|x86
		{8E02F79B-55A9-408E-81AA-1E7AC63C04B2}.Debug|Any CPU.ActiveCfg = Debug|Any CPU
		{8E02F79B-55A9-408E-81AA-1E7AC63C04B2}.Debug|Any CPU.Build.0 = Debug|Any CPU
		{8E02F79B-55A9-408E-81AA-1E7AC63C04B2}.Debug|x64.ActiveCfg = Debug|x64
		{8E02F79B-55A9-408E-81AA-1E7AC63C04B2}.Debug|x64.Build.0 = Debug|x64
		{8E02F79B-55A9-408E-81AA-1E7AC63C04B2}.Debug|x86.ActiveCfg = Debug|x86
		{8E02F79B-55A9-408E-81AA-1E7AC63C04B2}.Debug|x86.Build.0 = Debug|x86
		{8E02F79B-55A9-408E-81AA-1E7AC63C04B2}.Release|Any CPU.ActiveCfg = Release|Any CPU
		{8E02F79B-55A9-408E-81AA-1E7AC63C04B2}.Release|Any CPU.Build.0 = Release|Any CPU
		{8E02F79B-55A9-408E-81AA-1E7AC63C04B2}.Release|x64.ActiveCfg = Release|x64
		{8E02F79B-55A9-408E-81AA-1E7AC63C04B2}.Release|x64.Build.0 = Release|x64
		{8E02F79B-55A9-408E-81AA-1E7AC63C04B2}.Release|x86.ActiveCfg = Release|x86
		{8E02F79B-55A9-408E-81AA-1E7AC63C04B2}.Release|x86.Build.0 = Release|x86
		{8A394688-0BE4-46FB-B5D4-53F7B249491F}.Debug|Any CPU.ActiveCfg = Debug|Any CPU
		{8A394688-0BE4-46FB-B5D4-53F7B249491F}.Debug|Any CPU.Build.0 = Debug|Any CPU
		{8A394688-0BE4-46FB-B5D4-53F7B249491F}.Debug|x64.ActiveCfg = Debug|x64
		{8A394688-0BE4-46FB-B5D4-53F7B249491F}.Debug|x64.Build.0 = Debug|x64
		{8A394688-0BE4-46FB-B5D4-53F7B249491F}.Debug|x86.ActiveCfg = Debug|x86
		{8A394688-0BE4-46FB-B5D4-53F7B249491F}.Debug|x86.Build.0 = Debug|x86
		{8A394688-0BE4-46FB-B5D4-53F7B249491F}.Release|Any CPU.ActiveCfg = Release|Any CPU
		{8A394688-0BE4-46FB-B5D4-53F7B249491F}.Release|Any CPU.Build.0 = Release|Any CPU
		{8A394688-0BE4-46FB-B5D4-53F7B249491F}.Release|x64.ActiveCfg = Release|x64
		{8A394688-0BE4-46FB-B5D4-53F7B249491F}.Release|x64.Build.0 = Release|x64
		{8A394688-0BE4-46FB-B5D4-53F7B249491F}.Release|x86.ActiveCfg = Release|x86
		{8A394688-0BE4-46FB-B5D4-53F7B249491F}.Release|x86.Build.0 = Release|x86
		{405CAA6B-81E3-4D0A-9414-640B0D7F9C79}.Debug|Any CPU.ActiveCfg = Debug|Any CPU
		{405CAA6B-81E3-4D0A-9414-640B0D7F9C79}.Debug|Any CPU.Build.0 = Debug|Any CPU
		{405CAA6B-81E3-4D0A-9414-640B0D7F9C79}.Debug|x64.ActiveCfg = Debug|x64
		{405CAA6B-81E3-4D0A-9414-640B0D7F9C79}.Debug|x64.Build.0 = Debug|x64
		{405CAA6B-81E3-4D0A-9414-640B0D7F9C79}.Debug|x86.ActiveCfg = Debug|x86
		{405CAA6B-81E3-4D0A-9414-640B0D7F9C79}.Debug|x86.Build.0 = Debug|x86
		{405CAA6B-81E3-4D0A-9414-640B0D7F9C79}.Release|Any CPU.ActiveCfg = Release|Any CPU
		{405CAA6B-81E3-4D0A-9414-640B0D7F9C79}.Release|Any CPU.Build.0 = Release|Any CPU
		{405CAA6B-81E3-4D0A-9414-640B0D7F9C79}.Release|x64.ActiveCfg = Release|x64
		{405CAA6B-81E3-4D0A-9414-640B0D7F9C79}.Release|x64.Build.0 = Release|x64
		{405CAA6B-81E3-4D0A-9414-640B0D7F9C79}.Release|x86.ActiveCfg = Release|x86
		{405CAA6B-81E3-4D0A-9414-640B0D7F9C79}.Release|x86.Build.0 = Release|x86
		{6EDB2B01-9207-44B8-B51A-66178B8C83DD}.Debug|Any CPU.ActiveCfg = Debug|Any CPU
		{6EDB2B01-9207-44B8-B51A-66178B8C83DD}.Debug|Any CPU.Build.0 = Debug|Any CPU
		{6EDB2B01-9207-44B8-B51A-66178B8C83DD}.Debug|x64.ActiveCfg = Debug|x64
		{6EDB2B01-9207-44B8-B51A-66178B8C83DD}.Debug|x64.Build.0 = Debug|x64
		{6EDB2B01-9207-44B8-B51A-66178B8C83DD}.Debug|x86.ActiveCfg = Debug|x86
		{6EDB2B01-9207-44B8-B51A-66178B8C83DD}.Debug|x86.Build.0 = Debug|x86
		{6EDB2B01-9207-44B8-B51A-66178B8C83DD}.Release|Any CPU.ActiveCfg = Release|Any CPU
		{6EDB2B01-9207-44B8-B51A-66178B8C83DD}.Release|Any CPU.Build.0 = Release|Any CPU
		{6EDB2B01-9207-44B8-B51A-66178B8C83DD}.Release|x64.ActiveCfg = Release|x64
		{6EDB2B01-9207-44B8-B51A-66178B8C83DD}.Release|x64.Build.0 = Release|x64
		{6EDB2B01-9207-44B8-B51A-66178B8C83DD}.Release|x86.ActiveCfg = Release|x86
		{6EDB2B01-9207-44B8-B51A-66178B8C83DD}.Release|x86.Build.0 = Release|x86
		{47BFF3CC-BFA6-4287-97C8-B4E64386F7FF}.Debug|Any CPU.ActiveCfg = Debug|Any CPU
		{47BFF3CC-BFA6-4287-97C8-B4E64386F7FF}.Debug|Any CPU.Build.0 = Debug|Any CPU
		{47BFF3CC-BFA6-4287-97C8-B4E64386F7FF}.Debug|x64.ActiveCfg = Debug|x64
		{47BFF3CC-BFA6-4287-97C8-B4E64386F7FF}.Debug|x64.Build.0 = Debug|x64
		{47BFF3CC-BFA6-4287-97C8-B4E64386F7FF}.Debug|x86.ActiveCfg = Debug|x86
		{47BFF3CC-BFA6-4287-97C8-B4E64386F7FF}.Debug|x86.Build.0 = Debug|x86
		{47BFF3CC-BFA6-4287-97C8-B4E64386F7FF}.Release|Any CPU.ActiveCfg = Release|Any CPU
		{47BFF3CC-BFA6-4287-97C8-B4E64386F7FF}.Release|Any CPU.Build.0 = Release|Any CPU
		{47BFF3CC-BFA6-4287-97C8-B4E64386F7FF}.Release|x64.ActiveCfg = Release|x64
		{47BFF3CC-BFA6-4287-97C8-B4E64386F7FF}.Release|x64.Build.0 = Release|x64
		{47BFF3CC-BFA6-4287-97C8-B4E64386F7FF}.Release|x86.ActiveCfg = Release|x86
		{47BFF3CC-BFA6-4287-97C8-B4E64386F7FF}.Release|x86.Build.0 = Release|x86
		{BE913054-90CA-41A9-8FB2-8486A5A7BD7D}.Debug|Any CPU.ActiveCfg = Debug|Any CPU
		{BE913054-90CA-41A9-8FB2-8486A5A7BD7D}.Debug|Any CPU.Build.0 = Debug|Any CPU
		{BE913054-90CA-41A9-8FB2-8486A5A7BD7D}.Debug|x64.ActiveCfg = Debug|x64
		{BE913054-90CA-41A9-8FB2-8486A5A7BD7D}.Debug|x64.Build.0 = Debug|x64
		{BE913054-90CA-41A9-8FB2-8486A5A7BD7D}.Debug|x86.ActiveCfg = Debug|x86
		{BE913054-90CA-41A9-8FB2-8486A5A7BD7D}.Debug|x86.Build.0 = Debug|x86
		{BE913054-90CA-41A9-8FB2-8486A5A7BD7D}.Release|Any CPU.ActiveCfg = Release|Any CPU
		{BE913054-90CA-41A9-8FB2-8486A5A7BD7D}.Release|Any CPU.Build.0 = Release|Any CPU
		{BE913054-90CA-41A9-8FB2-8486A5A7BD7D}.Release|x64.ActiveCfg = Release|x64
		{BE913054-90CA-41A9-8FB2-8486A5A7BD7D}.Release|x64.Build.0 = Release|x64
		{BE913054-90CA-41A9-8FB2-8486A5A7BD7D}.Release|x86.ActiveCfg = Release|x86
		{BE913054-90CA-41A9-8FB2-8486A5A7BD7D}.Release|x86.Build.0 = Release|x86
		{F7F111E6-3113-450E-9725-1C8F1FEBB94B}.Debug|Any CPU.ActiveCfg = Debug|Any CPU
		{F7F111E6-3113-450E-9725-1C8F1FEBB94B}.Debug|Any CPU.Build.0 = Debug|Any CPU
		{F7F111E6-3113-450E-9725-1C8F1FEBB94B}.Debug|x64.ActiveCfg = Debug|x64
		{F7F111E6-3113-450E-9725-1C8F1FEBB94B}.Debug|x64.Build.0 = Debug|x64
		{F7F111E6-3113-450E-9725-1C8F1FEBB94B}.Debug|x86.ActiveCfg = Debug|x86
		{F7F111E6-3113-450E-9725-1C8F1FEBB94B}.Debug|x86.Build.0 = Debug|x86
		{F7F111E6-3113-450E-9725-1C8F1FEBB94B}.Release|Any CPU.ActiveCfg = Release|Any CPU
		{F7F111E6-3113-450E-9725-1C8F1FEBB94B}.Release|Any CPU.Build.0 = Release|Any CPU
		{F7F111E6-3113-450E-9725-1C8F1FEBB94B}.Release|x64.ActiveCfg = Release|x64
		{F7F111E6-3113-450E-9725-1C8F1FEBB94B}.Release|x64.Build.0 = Release|x64
		{F7F111E6-3113-450E-9725-1C8F1FEBB94B}.Release|x86.ActiveCfg = Release|x86
		{F7F111E6-3113-450E-9725-1C8F1FEBB94B}.Release|x86.Build.0 = Release|x86
		{75356F6D-2AE4-4F18-B141-144C4538452B}.Debug|Any CPU.ActiveCfg = Debug|Any CPU
		{75356F6D-2AE4-4F18-B141-144C4538452B}.Debug|Any CPU.Build.0 = Debug|Any CPU
		{75356F6D-2AE4-4F18-B141-144C4538452B}.Debug|x64.ActiveCfg = Debug|x64
		{75356F6D-2AE4-4F18-B141-144C4538452B}.Debug|x64.Build.0 = Debug|x64
		{75356F6D-2AE4-4F18-B141-144C4538452B}.Debug|x86.ActiveCfg = Debug|x86
		{75356F6D-2AE4-4F18-B141-144C4538452B}.Debug|x86.Build.0 = Debug|x86
		{75356F6D-2AE4-4F18-B141-144C4538452B}.Release|Any CPU.ActiveCfg = Release|Any CPU
		{75356F6D-2AE4-4F18-B141-144C4538452B}.Release|Any CPU.Build.0 = Release|Any CPU
		{75356F6D-2AE4-4F18-B141-144C4538452B}.Release|x64.ActiveCfg = Release|x64
		{75356F6D-2AE4-4F18-B141-144C4538452B}.Release|x64.Build.0 = Release|x64
		{75356F6D-2AE4-4F18-B141-144C4538452B}.Release|x86.ActiveCfg = Release|x86
		{75356F6D-2AE4-4F18-B141-144C4538452B}.Release|x86.Build.0 = Release|x86
		{93DAF593-A24E-4C98-A16A-4A9CAE505085}.Debug|Any CPU.ActiveCfg = Debug|Any CPU
		{93DAF593-A24E-4C98-A16A-4A9CAE505085}.Debug|Any CPU.Build.0 = Debug|Any CPU
		{93DAF593-A24E-4C98-A16A-4A9CAE505085}.Debug|x64.ActiveCfg = Debug|x64
		{93DAF593-A24E-4C98-A16A-4A9CAE505085}.Debug|x64.Build.0 = Debug|x64
		{93DAF593-A24E-4C98-A16A-4A9CAE505085}.Debug|x86.ActiveCfg = Debug|x86
		{93DAF593-A24E-4C98-A16A-4A9CAE505085}.Debug|x86.Build.0 = Debug|x86
		{93DAF593-A24E-4C98-A16A-4A9CAE505085}.Release|Any CPU.ActiveCfg = Release|Any CPU
		{93DAF593-A24E-4C98-A16A-4A9CAE505085}.Release|Any CPU.Build.0 = Release|Any CPU
		{93DAF593-A24E-4C98-A16A-4A9CAE505085}.Release|x64.ActiveCfg = Release|x64
		{93DAF593-A24E-4C98-A16A-4A9CAE505085}.Release|x64.Build.0 = Release|x64
		{93DAF593-A24E-4C98-A16A-4A9CAE505085}.Release|x86.ActiveCfg = Release|x86
		{93DAF593-A24E-4C98-A16A-4A9CAE505085}.Release|x86.Build.0 = Release|x86
		{80329604-16D2-4BB9-8083-91FD230D7022}.Debug|Any CPU.ActiveCfg = Debug|Any CPU
		{80329604-16D2-4BB9-8083-91FD230D7022}.Debug|Any CPU.Build.0 = Debug|Any CPU
		{80329604-16D2-4BB9-8083-91FD230D7022}.Debug|x64.ActiveCfg = Debug|x64
		{80329604-16D2-4BB9-8083-91FD230D7022}.Debug|x64.Build.0 = Debug|x64
		{80329604-16D2-4BB9-8083-91FD230D7022}.Debug|x86.ActiveCfg = Debug|x86
		{80329604-16D2-4BB9-8083-91FD230D7022}.Debug|x86.Build.0 = Debug|x86
		{80329604-16D2-4BB9-8083-91FD230D7022}.Release|Any CPU.ActiveCfg = Release|Any CPU
		{80329604-16D2-4BB9-8083-91FD230D7022}.Release|Any CPU.Build.0 = Release|Any CPU
		{80329604-16D2-4BB9-8083-91FD230D7022}.Release|x64.ActiveCfg = Release|x64
		{80329604-16D2-4BB9-8083-91FD230D7022}.Release|x64.Build.0 = Release|x64
		{80329604-16D2-4BB9-8083-91FD230D7022}.Release|x86.ActiveCfg = Release|x86
		{80329604-16D2-4BB9-8083-91FD230D7022}.Release|x86.Build.0 = Release|x86
		{73CFC82E-8E02-44D7-BB14-BE286839911E}.Debug|Any CPU.ActiveCfg = Debug|Any CPU
		{73CFC82E-8E02-44D7-BB14-BE286839911E}.Debug|Any CPU.Build.0 = Debug|Any CPU
		{73CFC82E-8E02-44D7-BB14-BE286839911E}.Debug|x64.ActiveCfg = Debug|x64
		{73CFC82E-8E02-44D7-BB14-BE286839911E}.Debug|x64.Build.0 = Debug|x64
		{73CFC82E-8E02-44D7-BB14-BE286839911E}.Debug|x86.ActiveCfg = Debug|x86
		{73CFC82E-8E02-44D7-BB14-BE286839911E}.Debug|x86.Build.0 = Debug|x86
		{73CFC82E-8E02-44D7-BB14-BE286839911E}.Release|Any CPU.ActiveCfg = Release|Any CPU
		{73CFC82E-8E02-44D7-BB14-BE286839911E}.Release|Any CPU.Build.0 = Release|Any CPU
		{73CFC82E-8E02-44D7-BB14-BE286839911E}.Release|x64.ActiveCfg = Release|x64
		{73CFC82E-8E02-44D7-BB14-BE286839911E}.Release|x64.Build.0 = Release|x64
		{73CFC82E-8E02-44D7-BB14-BE286839911E}.Release|x86.ActiveCfg = Release|x86
		{73CFC82E-8E02-44D7-BB14-BE286839911E}.Release|x86.Build.0 = Release|x86
		{548E8C8C-9D98-4E31-85B1-A01138CAC404}.Debug|Any CPU.ActiveCfg = Debug|Any CPU
		{548E8C8C-9D98-4E31-85B1-A01138CAC404}.Debug|Any CPU.Build.0 = Debug|Any CPU
		{548E8C8C-9D98-4E31-85B1-A01138CAC404}.Debug|x64.ActiveCfg = Debug|x64
		{548E8C8C-9D98-4E31-85B1-A01138CAC404}.Debug|x64.Build.0 = Debug|x64
		{548E8C8C-9D98-4E31-85B1-A01138CAC404}.Debug|x86.ActiveCfg = Debug|x86
		{548E8C8C-9D98-4E31-85B1-A01138CAC404}.Debug|x86.Build.0 = Debug|x86
		{548E8C8C-9D98-4E31-85B1-A01138CAC404}.Release|Any CPU.ActiveCfg = Release|Any CPU
		{548E8C8C-9D98-4E31-85B1-A01138CAC404}.Release|Any CPU.Build.0 = Release|Any CPU
		{548E8C8C-9D98-4E31-85B1-A01138CAC404}.Release|x64.ActiveCfg = Release|x64
		{548E8C8C-9D98-4E31-85B1-A01138CAC404}.Release|x64.Build.0 = Release|x64
		{548E8C8C-9D98-4E31-85B1-A01138CAC404}.Release|x86.ActiveCfg = Release|x86
		{548E8C8C-9D98-4E31-85B1-A01138CAC404}.Release|x86.Build.0 = Release|x86
		{B4168397-1DF9-45CD-B45C-5F2BFD39794A}.Debug|Any CPU.ActiveCfg = Debug|Any CPU
		{B4168397-1DF9-45CD-B45C-5F2BFD39794A}.Debug|Any CPU.Build.0 = Debug|Any CPU
		{B4168397-1DF9-45CD-B45C-5F2BFD39794A}.Debug|x64.ActiveCfg = Debug|x64
		{B4168397-1DF9-45CD-B45C-5F2BFD39794A}.Debug|x64.Build.0 = Debug|x64
		{B4168397-1DF9-45CD-B45C-5F2BFD39794A}.Debug|x86.ActiveCfg = Debug|x86
		{B4168397-1DF9-45CD-B45C-5F2BFD39794A}.Debug|x86.Build.0 = Debug|x86
		{B4168397-1DF9-45CD-B45C-5F2BFD39794A}.Release|Any CPU.ActiveCfg = Release|Any CPU
		{B4168397-1DF9-45CD-B45C-5F2BFD39794A}.Release|Any CPU.Build.0 = Release|Any CPU
		{B4168397-1DF9-45CD-B45C-5F2BFD39794A}.Release|x64.ActiveCfg = Release|x64
		{B4168397-1DF9-45CD-B45C-5F2BFD39794A}.Release|x64.Build.0 = Release|x64
		{B4168397-1DF9-45CD-B45C-5F2BFD39794A}.Release|x86.ActiveCfg = Release|x86
		{B4168397-1DF9-45CD-B45C-5F2BFD39794A}.Release|x86.Build.0 = Release|x86
		{C949855D-5C8F-4752-A9C9-DA572F97142D}.Debug|Any CPU.ActiveCfg = Debug|Any CPU
		{C949855D-5C8F-4752-A9C9-DA572F97142D}.Debug|Any CPU.Build.0 = Debug|Any CPU
		{C949855D-5C8F-4752-A9C9-DA572F97142D}.Debug|x64.ActiveCfg = Debug|x64
		{C949855D-5C8F-4752-A9C9-DA572F97142D}.Debug|x64.Build.0 = Debug|x64
		{C949855D-5C8F-4752-A9C9-DA572F97142D}.Debug|x86.ActiveCfg = Debug|x86
		{C949855D-5C8F-4752-A9C9-DA572F97142D}.Debug|x86.Build.0 = Debug|x86
		{C949855D-5C8F-4752-A9C9-DA572F97142D}.Release|Any CPU.ActiveCfg = Release|Any CPU
		{C949855D-5C8F-4752-A9C9-DA572F97142D}.Release|Any CPU.Build.0 = Release|Any CPU
		{C949855D-5C8F-4752-A9C9-DA572F97142D}.Release|x64.ActiveCfg = Release|x64
		{C949855D-5C8F-4752-A9C9-DA572F97142D}.Release|x64.Build.0 = Release|x64
		{C949855D-5C8F-4752-A9C9-DA572F97142D}.Release|x86.ActiveCfg = Release|x86
		{C949855D-5C8F-4752-A9C9-DA572F97142D}.Release|x86.Build.0 = Release|x86
		{B00B91D0-7F26-4734-BBCF-C219AD19944A}.Debug|Any CPU.ActiveCfg = Debug|Any CPU
		{B00B91D0-7F26-4734-BBCF-C219AD19944A}.Debug|Any CPU.Build.0 = Debug|Any CPU
		{B00B91D0-7F26-4734-BBCF-C219AD19944A}.Debug|x64.ActiveCfg = Debug|x64
		{B00B91D0-7F26-4734-BBCF-C219AD19944A}.Debug|x64.Build.0 = Debug|x64
		{B00B91D0-7F26-4734-BBCF-C219AD19944A}.Debug|x86.ActiveCfg = Debug|x86
		{B00B91D0-7F26-4734-BBCF-C219AD19944A}.Debug|x86.Build.0 = Debug|x86
		{B00B91D0-7F26-4734-BBCF-C219AD19944A}.Release|Any CPU.ActiveCfg = Release|Any CPU
		{B00B91D0-7F26-4734-BBCF-C219AD19944A}.Release|Any CPU.Build.0 = Release|Any CPU
		{B00B91D0-7F26-4734-BBCF-C219AD19944A}.Release|x64.ActiveCfg = Release|x64
		{B00B91D0-7F26-4734-BBCF-C219AD19944A}.Release|x64.Build.0 = Release|x64
		{B00B91D0-7F26-4734-BBCF-C219AD19944A}.Release|x86.ActiveCfg = Release|x86
		{B00B91D0-7F26-4734-BBCF-C219AD19944A}.Release|x86.Build.0 = Release|x86
		{D1EBCB11-B8BC-4C7A-A95E-D7EEEBA1220D}.Debug|Any CPU.ActiveCfg = Debug|Any CPU
		{D1EBCB11-B8BC-4C7A-A95E-D7EEEBA1220D}.Debug|Any CPU.Build.0 = Debug|Any CPU
		{D1EBCB11-B8BC-4C7A-A95E-D7EEEBA1220D}.Debug|x64.ActiveCfg = Debug|x64
		{D1EBCB11-B8BC-4C7A-A95E-D7EEEBA1220D}.Debug|x64.Build.0 = Debug|x64
		{D1EBCB11-B8BC-4C7A-A95E-D7EEEBA1220D}.Debug|x86.ActiveCfg = Debug|x86
		{D1EBCB11-B8BC-4C7A-A95E-D7EEEBA1220D}.Debug|x86.Build.0 = Debug|x86
		{D1EBCB11-B8BC-4C7A-A95E-D7EEEBA1220D}.Release|Any CPU.ActiveCfg = Release|Any CPU
		{D1EBCB11-B8BC-4C7A-A95E-D7EEEBA1220D}.Release|Any CPU.Build.0 = Release|Any CPU
		{D1EBCB11-B8BC-4C7A-A95E-D7EEEBA1220D}.Release|x64.ActiveCfg = Release|x64
		{D1EBCB11-B8BC-4C7A-A95E-D7EEEBA1220D}.Release|x64.Build.0 = Release|x64
		{D1EBCB11-B8BC-4C7A-A95E-D7EEEBA1220D}.Release|x86.ActiveCfg = Release|x86
		{D1EBCB11-B8BC-4C7A-A95E-D7EEEBA1220D}.Release|x86.Build.0 = Release|x86
		{5D726BAA-9C0A-4496-A598-C92E29612515}.Debug|Any CPU.ActiveCfg = Debug|Any CPU
		{5D726BAA-9C0A-4496-A598-C92E29612515}.Debug|Any CPU.Build.0 = Debug|Any CPU
		{5D726BAA-9C0A-4496-A598-C92E29612515}.Debug|x64.ActiveCfg = Debug|x64
		{5D726BAA-9C0A-4496-A598-C92E29612515}.Debug|x64.Build.0 = Debug|x64
		{5D726BAA-9C0A-4496-A598-C92E29612515}.Debug|x86.ActiveCfg = Debug|x86
		{5D726BAA-9C0A-4496-A598-C92E29612515}.Debug|x86.Build.0 = Debug|x86
		{5D726BAA-9C0A-4496-A598-C92E29612515}.Release|Any CPU.ActiveCfg = Release|Any CPU
		{5D726BAA-9C0A-4496-A598-C92E29612515}.Release|Any CPU.Build.0 = Release|Any CPU
		{5D726BAA-9C0A-4496-A598-C92E29612515}.Release|x64.ActiveCfg = Release|x64
		{5D726BAA-9C0A-4496-A598-C92E29612515}.Release|x64.Build.0 = Release|x64
		{5D726BAA-9C0A-4496-A598-C92E29612515}.Release|x86.ActiveCfg = Release|x86
		{5D726BAA-9C0A-4496-A598-C92E29612515}.Release|x86.Build.0 = Release|x86
		{6586DC49-7763-4854-B9CD-1124292F2996}.Debug|Any CPU.ActiveCfg = Debug|Any CPU
		{6586DC49-7763-4854-B9CD-1124292F2996}.Debug|Any CPU.Build.0 = Debug|Any CPU
		{6586DC49-7763-4854-B9CD-1124292F2996}.Debug|x64.ActiveCfg = Debug|x64
		{6586DC49-7763-4854-B9CD-1124292F2996}.Debug|x64.Build.0 = Debug|x64
		{6586DC49-7763-4854-B9CD-1124292F2996}.Debug|x86.ActiveCfg = Debug|x86
		{6586DC49-7763-4854-B9CD-1124292F2996}.Debug|x86.Build.0 = Debug|x86
		{6586DC49-7763-4854-B9CD-1124292F2996}.Release|Any CPU.ActiveCfg = Release|Any CPU
		{6586DC49-7763-4854-B9CD-1124292F2996}.Release|Any CPU.Build.0 = Release|Any CPU
		{6586DC49-7763-4854-B9CD-1124292F2996}.Release|x64.ActiveCfg = Release|x64
		{6586DC49-7763-4854-B9CD-1124292F2996}.Release|x64.Build.0 = Release|x64
		{6586DC49-7763-4854-B9CD-1124292F2996}.Release|x86.ActiveCfg = Release|x86
		{6586DC49-7763-4854-B9CD-1124292F2996}.Release|x86.Build.0 = Release|x86
		{640E5546-A09C-482A-A18F-393C36B4AF8B}.Debug|Any CPU.ActiveCfg = Debug|Any CPU
		{640E5546-A09C-482A-A18F-393C36B4AF8B}.Debug|Any CPU.Build.0 = Debug|Any CPU
		{640E5546-A09C-482A-A18F-393C36B4AF8B}.Debug|x64.ActiveCfg = Debug|x64
		{640E5546-A09C-482A-A18F-393C36B4AF8B}.Debug|x64.Build.0 = Debug|x64
		{640E5546-A09C-482A-A18F-393C36B4AF8B}.Debug|x86.ActiveCfg = Debug|x86
		{640E5546-A09C-482A-A18F-393C36B4AF8B}.Debug|x86.Build.0 = Debug|x86
		{640E5546-A09C-482A-A18F-393C36B4AF8B}.Release|Any CPU.ActiveCfg = Release|Any CPU
		{640E5546-A09C-482A-A18F-393C36B4AF8B}.Release|Any CPU.Build.0 = Release|Any CPU
		{640E5546-A09C-482A-A18F-393C36B4AF8B}.Release|x64.ActiveCfg = Release|x64
		{640E5546-A09C-482A-A18F-393C36B4AF8B}.Release|x64.Build.0 = Release|x64
		{640E5546-A09C-482A-A18F-393C36B4AF8B}.Release|x86.ActiveCfg = Release|x86
		{640E5546-A09C-482A-A18F-393C36B4AF8B}.Release|x86.Build.0 = Release|x86
		{F1A2BD83-1959-49C4-8F50-8B386276B899}.Debug|Any CPU.ActiveCfg = Debug|Any CPU
		{F1A2BD83-1959-49C4-8F50-8B386276B899}.Debug|Any CPU.Build.0 = Debug|Any CPU
		{F1A2BD83-1959-49C4-8F50-8B386276B899}.Debug|x64.ActiveCfg = Debug|x64
		{F1A2BD83-1959-49C4-8F50-8B386276B899}.Debug|x64.Build.0 = Debug|x64
		{F1A2BD83-1959-49C4-8F50-8B386276B899}.Debug|x86.ActiveCfg = Debug|x86
		{F1A2BD83-1959-49C4-8F50-8B386276B899}.Debug|x86.Build.0 = Debug|x86
		{F1A2BD83-1959-49C4-8F50-8B386276B899}.Release|Any CPU.ActiveCfg = Release|Any CPU
		{F1A2BD83-1959-49C4-8F50-8B386276B899}.Release|Any CPU.Build.0 = Release|Any CPU
		{F1A2BD83-1959-49C4-8F50-8B386276B899}.Release|x64.ActiveCfg = Release|x64
		{F1A2BD83-1959-49C4-8F50-8B386276B899}.Release|x64.Build.0 = Release|x64
		{F1A2BD83-1959-49C4-8F50-8B386276B899}.Release|x86.ActiveCfg = Release|x86
		{F1A2BD83-1959-49C4-8F50-8B386276B899}.Release|x86.Build.0 = Release|x86
		{8283332C-407A-4E9D-91AF-C83ADFFCCD5B}.Debug|Any CPU.ActiveCfg = Debug|Any CPU
		{8283332C-407A-4E9D-91AF-C83ADFFCCD5B}.Debug|Any CPU.Build.0 = Debug|Any CPU
		{8283332C-407A-4E9D-91AF-C83ADFFCCD5B}.Debug|x64.ActiveCfg = Debug|x64
		{8283332C-407A-4E9D-91AF-C83ADFFCCD5B}.Debug|x64.Build.0 = Debug|x64
		{8283332C-407A-4E9D-91AF-C83ADFFCCD5B}.Debug|x86.ActiveCfg = Debug|x86
		{8283332C-407A-4E9D-91AF-C83ADFFCCD5B}.Debug|x86.Build.0 = Debug|x86
		{8283332C-407A-4E9D-91AF-C83ADFFCCD5B}.Release|Any CPU.ActiveCfg = Release|Any CPU
		{8283332C-407A-4E9D-91AF-C83ADFFCCD5B}.Release|Any CPU.Build.0 = Release|Any CPU
		{8283332C-407A-4E9D-91AF-C83ADFFCCD5B}.Release|x64.ActiveCfg = Release|x64
		{8283332C-407A-4E9D-91AF-C83ADFFCCD5B}.Release|x64.Build.0 = Release|x64
		{8283332C-407A-4E9D-91AF-C83ADFFCCD5B}.Release|x86.ActiveCfg = Release|x86
		{8283332C-407A-4E9D-91AF-C83ADFFCCD5B}.Release|x86.Build.0 = Release|x86
		{808E0CBB-20D2-4C67-A259-122B84496329}.Debug|Any CPU.ActiveCfg = Debug|Any CPU
		{808E0CBB-20D2-4C67-A259-122B84496329}.Debug|Any CPU.Build.0 = Debug|Any CPU
		{808E0CBB-20D2-4C67-A259-122B84496329}.Debug|x64.ActiveCfg = Debug|x64
		{808E0CBB-20D2-4C67-A259-122B84496329}.Debug|x64.Build.0 = Debug|x64
		{808E0CBB-20D2-4C67-A259-122B84496329}.Debug|x86.ActiveCfg = Debug|x86
		{808E0CBB-20D2-4C67-A259-122B84496329}.Debug|x86.Build.0 = Debug|x86
		{808E0CBB-20D2-4C67-A259-122B84496329}.Release|Any CPU.ActiveCfg = Release|Any CPU
		{808E0CBB-20D2-4C67-A259-122B84496329}.Release|Any CPU.Build.0 = Release|Any CPU
		{808E0CBB-20D2-4C67-A259-122B84496329}.Release|x64.ActiveCfg = Release|x64
		{808E0CBB-20D2-4C67-A259-122B84496329}.Release|x64.Build.0 = Release|x64
		{808E0CBB-20D2-4C67-A259-122B84496329}.Release|x86.ActiveCfg = Release|x86
		{808E0CBB-20D2-4C67-A259-122B84496329}.Release|x86.Build.0 = Release|x86
		{D682EF1E-0BE1-445D-9F32-632B7CE0A8E1}.Debug|Any CPU.ActiveCfg = Debug|Any CPU
		{D682EF1E-0BE1-445D-9F32-632B7CE0A8E1}.Debug|Any CPU.Build.0 = Debug|Any CPU
		{D682EF1E-0BE1-445D-9F32-632B7CE0A8E1}.Debug|x64.ActiveCfg = Debug|x64
		{D682EF1E-0BE1-445D-9F32-632B7CE0A8E1}.Debug|x64.Build.0 = Debug|x64
		{D682EF1E-0BE1-445D-9F32-632B7CE0A8E1}.Debug|x86.ActiveCfg = Debug|x86
		{D682EF1E-0BE1-445D-9F32-632B7CE0A8E1}.Debug|x86.Build.0 = Debug|x86
		{D682EF1E-0BE1-445D-9F32-632B7CE0A8E1}.Release|Any CPU.ActiveCfg = Release|Any CPU
		{D682EF1E-0BE1-445D-9F32-632B7CE0A8E1}.Release|Any CPU.Build.0 = Release|Any CPU
		{D682EF1E-0BE1-445D-9F32-632B7CE0A8E1}.Release|x64.ActiveCfg = Release|x64
		{D682EF1E-0BE1-445D-9F32-632B7CE0A8E1}.Release|x64.Build.0 = Release|x64
		{D682EF1E-0BE1-445D-9F32-632B7CE0A8E1}.Release|x86.ActiveCfg = Release|x86
		{D682EF1E-0BE1-445D-9F32-632B7CE0A8E1}.Release|x86.Build.0 = Release|x86
		{ED8D162E-E396-4BEF-AE32-BB827750C557}.Debug|Any CPU.ActiveCfg = Debug|Any CPU
		{ED8D162E-E396-4BEF-AE32-BB827750C557}.Debug|Any CPU.Build.0 = Debug|Any CPU
		{ED8D162E-E396-4BEF-AE32-BB827750C557}.Debug|x64.ActiveCfg = Debug|x64
		{ED8D162E-E396-4BEF-AE32-BB827750C557}.Debug|x64.Build.0 = Debug|x64
		{ED8D162E-E396-4BEF-AE32-BB827750C557}.Debug|x86.ActiveCfg = Debug|x86
		{ED8D162E-E396-4BEF-AE32-BB827750C557}.Debug|x86.Build.0 = Debug|x86
		{ED8D162E-E396-4BEF-AE32-BB827750C557}.Release|Any CPU.ActiveCfg = Release|Any CPU
		{ED8D162E-E396-4BEF-AE32-BB827750C557}.Release|Any CPU.Build.0 = Release|Any CPU
		{ED8D162E-E396-4BEF-AE32-BB827750C557}.Release|x64.ActiveCfg = Release|x64
		{ED8D162E-E396-4BEF-AE32-BB827750C557}.Release|x64.Build.0 = Release|x64
		{ED8D162E-E396-4BEF-AE32-BB827750C557}.Release|x86.ActiveCfg = Release|x86
		{ED8D162E-E396-4BEF-AE32-BB827750C557}.Release|x86.Build.0 = Release|x86
	EndGlobalSection
	GlobalSection(NestedProjects) = preSolution
		{47BFF3CC-BFA6-4287-97C8-B4E64386F7FF} = {4F77A5C5-F3AA-40A0-910F-785C520FEF8E}
		{BE913054-90CA-41A9-8FB2-8486A5A7BD7D} = {4F77A5C5-F3AA-40A0-910F-785C520FEF8E}
		{F7F111E6-3113-450E-9725-1C8F1FEBB94B} = {4F77A5C5-F3AA-40A0-910F-785C520FEF8E}
		{75356F6D-2AE4-4F18-B141-144C4538452B} = {4F77A5C5-F3AA-40A0-910F-785C520FEF8E}
		{93DAF593-A24E-4C98-A16A-4A9CAE505085} = {4F77A5C5-F3AA-40A0-910F-785C520FEF8E}
		{80329604-16D2-4BB9-8083-91FD230D7022} = {4F77A5C5-F3AA-40A0-910F-785C520FEF8E}
		{73CFC82E-8E02-44D7-BB14-BE286839911E} = {4F77A5C5-F3AA-40A0-910F-785C520FEF8E}
		{548E8C8C-9D98-4E31-85B1-A01138CAC404} = {4F77A5C5-F3AA-40A0-910F-785C520FEF8E}
		{B4168397-1DF9-45CD-B45C-5F2BFD39794A} = {4F77A5C5-F3AA-40A0-910F-785C520FEF8E}
		{C949855D-5C8F-4752-A9C9-DA572F97142D} = {4F77A5C5-F3AA-40A0-910F-785C520FEF8E}
		{B00B91D0-7F26-4734-BBCF-C219AD19944A} = {4F77A5C5-F3AA-40A0-910F-785C520FEF8E}
		{D1EBCB11-B8BC-4C7A-A95E-D7EEEBA1220D} = {4F77A5C5-F3AA-40A0-910F-785C520FEF8E}
		{5D726BAA-9C0A-4496-A598-C92E29612515} = {4F77A5C5-F3AA-40A0-910F-785C520FEF8E}
		{6586DC49-7763-4854-B9CD-1124292F2996} = {4F77A5C5-F3AA-40A0-910F-785C520FEF8E}
		{640E5546-A09C-482A-A18F-393C36B4AF8B} = {4F77A5C5-F3AA-40A0-910F-785C520FEF8E}
		{F1A2BD83-1959-49C4-8F50-8B386276B899} = {4F77A5C5-F3AA-40A0-910F-785C520FEF8E}
		{8283332C-407A-4E9D-91AF-C83ADFFCCD5B} = {4F77A5C5-F3AA-40A0-910F-785C520FEF8E}
		{808E0CBB-20D2-4C67-A259-122B84496329} = {4F77A5C5-F3AA-40A0-910F-785C520FEF8E}
		{D682EF1E-0BE1-445D-9F32-632B7CE0A8E1} = {4F77A5C5-F3AA-40A0-910F-785C520FEF8E}
		{ED8D162E-E396-4BEF-AE32-BB827750C557} = {4F77A5C5-F3AA-40A0-910F-785C520FEF8E}
	EndGlobalSection
EndGlobal
